// !$*UTF8*$!
{
	archiveVersion = 1;
	classes = {
	};
	objectVersion = 46;
	objects = {

/* Begin PBXBuildFile section */
		42096E6C1B357CEE0068B084 /* SlidersViewController.swift in Sources */ = {isa = PBXBuildFile; fileRef = 42096E6B1B357CEE0068B084 /* SlidersViewController.swift */; };
		42096E6E1B357ECA0068B084 /* OptionsViewController.swift in Sources */ = {isa = PBXBuildFile; fileRef = 42096E6D1B357ECA0068B084 /* OptionsViewController.swift */; };
		42096E701B35853E0068B084 /* ChangePasswordViewController.swift in Sources */ = {isa = PBXBuildFile; fileRef = 42096E6F1B35853E0068B084 /* ChangePasswordViewController.swift */; };
		420AC61A1F88D17500898C85 /* VoteViewController.swift in Sources */ = {isa = PBXBuildFile; fileRef = 420AC6191F88D17500898C85 /* VoteViewController.swift */; };
		420AC61C1F88D21000898C85 /* VoteViewController.storyboard in Resources */ = {isa = PBXBuildFile; fileRef = 420AC61B1F88D21000898C85 /* VoteViewController.storyboard */; };
		420AC61E1F88D40500898C85 /* StoryboardDemoViewController.swift in Sources */ = {isa = PBXBuildFile; fileRef = 420AC61D1F88D40500898C85 /* StoryboardDemoViewController.swift */; };
		420F6CCF1D6A27B8009D5F57 /* SlidersAndTextFieldsViewController.swift in Sources */ = {isa = PBXBuildFile; fileRef = 420F6CCE1D6A27B8009D5F57 /* SlidersAndTextFieldsViewController.swift */; };
		42108D261B356C5B0067FEAA /* FirstViewController.swift in Sources */ = {isa = PBXBuildFile; fileRef = 42108D251B356C5B0067FEAA /* FirstViewController.swift */; };
		42108D2C1B3576110067FEAA /* MaleFemaleViewController.swift in Sources */ = {isa = PBXBuildFile; fileRef = 42108D281B3576110067FEAA /* MaleFemaleViewController.swift */; };
		42108D2D1B3576110067FEAA /* RateAppViewController.swift in Sources */ = {isa = PBXBuildFile; fileRef = 42108D291B3576110067FEAA /* RateAppViewController.swift */; };
		42108D2E1B3576110067FEAA /* ReportViewController.swift in Sources */ = {isa = PBXBuildFile; fileRef = 42108D2A1B3576110067FEAA /* ReportViewController.swift */; };
		42108D2F1B3576110067FEAA /* SignUpViewController.swift in Sources */ = {isa = PBXBuildFile; fileRef = 42108D2B1B3576110067FEAA /* SignUpViewController.swift */; };
		42108D341B357A440067FEAA /* ButtonsViewController.swift in Sources */ = {isa = PBXBuildFile; fileRef = 42108D331B357A440067FEAA /* ButtonsViewController.swift */; };
		422437E41D719A4E00EC41E8 /* PickerViewViewController.swift in Sources */ = {isa = PBXBuildFile; fileRef = 422437E31D719A4E00EC41E8 /* PickerViewViewController.swift */; };
		423D17061BAF3A9B00A9859F /* AliensViewController.swift in Sources */ = {isa = PBXBuildFile; fileRef = 423D17031BAF3A9B00A9859F /* AliensViewController.swift */; };
		423D17071BAF3A9B00A9859F /* Area51.storyboard in Resources */ = {isa = PBXBuildFile; fileRef = 423D17041BAF3A9B00A9859F /* Area51.storyboard */; };
		423D17081BAF3A9B00A9859F /* GhostsViewController.swift in Sources */ = {isa = PBXBuildFile; fileRef = 423D17051BAF3A9B00A9859F /* GhostsViewController.swift */; };
		423E313E1D5BA98A0048D8C3 /* DatePickerBindingViewController.swift in Sources */ = {isa = PBXBuildFile; fileRef = 423E313D1D5BA98A0048D8C3 /* DatePickerBindingViewController.swift */; };
		4244C6941D6B864600FE1ECB /* LaunchScreen.storyboard in Resources */ = {isa = PBXBuildFile; fileRef = 4244C6921D6B864600FE1ECB /* LaunchScreen.storyboard */; };
		42589DB61B3447E1007CA8C1 /* DatePickerLocaleViewController.swift in Sources */ = {isa = PBXBuildFile; fileRef = 42589DAF1B3447E1007CA8C1 /* DatePickerLocaleViewController.swift */; };
		42589DB71B3447E1007CA8C1 /* DatePickerRangeViewController.swift in Sources */ = {isa = PBXBuildFile; fileRef = 42589DB01B3447E1007CA8C1 /* DatePickerRangeViewController.swift */; };
		42589DB81B3447E1007CA8C1 /* DatePickerInitialValueViewController.swift in Sources */ = {isa = PBXBuildFile; fileRef = 42589DB11B3447E1007CA8C1 /* DatePickerInitialValueViewController.swift */; };
		42589DDA1B3447EA007CA8C1 /* TextFieldKeyboardTypesViewController.swift in Sources */ = {isa = PBXBuildFile; fileRef = 42589DC71B3447EA007CA8C1 /* TextFieldKeyboardTypesViewController.swift */; };
		42589DDB1B3447EA007CA8C1 /* TextFieldReturnKeyViewController.swift in Sources */ = {isa = PBXBuildFile; fileRef = 42589DC81B3447EA007CA8C1 /* TextFieldReturnKeyViewController.swift */; };
		42589DDC1B3447EA007CA8C1 /* TextFieldTabThroughFormViewController.swift in Sources */ = {isa = PBXBuildFile; fileRef = 42589DC91B3447EA007CA8C1 /* TextFieldTabThroughFormViewController.swift */; };
		42589DDD1B3447EA007CA8C1 /* TextFieldValidInvalidViewController.swift in Sources */ = {isa = PBXBuildFile; fileRef = 42589DCA1B3447EA007CA8C1 /* TextFieldValidInvalidViewController.swift */; };
		42589DDF1B3447EA007CA8C1 /* TextViewViewController.swift in Sources */ = {isa = PBXBuildFile; fileRef = 42589DCD1B3447EA007CA8C1 /* TextViewViewController.swift */; };
		425A32671B71571A006A433E /* SwiftyFORM.framework in Frameworks */ = {isa = PBXBuildFile; fileRef = 429910DB1B347FD8001F9195 /* SwiftyFORM.framework */; };
		425A32681B71571A006A433E /* SwiftyFORM.framework in Embed Frameworks */ = {isa = PBXBuildFile; fileRef = 429910DB1B347FD8001F9195 /* SwiftyFORM.framework */; settings = {ATTRIBUTES = (CodeSignOnCopy, RemoveHeadersOnCopy, ); }; };
		4267986C1D8DB160002275CA /* HeaderFooterViewController.swift in Sources */ = {isa = PBXBuildFile; fileRef = 4267986A1D8DB160002275CA /* HeaderFooterViewController.swift */; };
		4267986D1D8DB160002275CA /* NoHeaderViewController.swift in Sources */ = {isa = PBXBuildFile; fileRef = 4267986B1D8DB160002275CA /* NoHeaderViewController.swift */; };
		426798711D8DB17B002275CA /* MyCollectionViewController.swift in Sources */ = {isa = PBXBuildFile; fileRef = 4267986F1D8DB17B002275CA /* MyCollectionViewController.swift */; };
		426798721D8DB17B002275CA /* MyTableViewController.swift in Sources */ = {isa = PBXBuildFile; fileRef = 426798701D8DB17B002275CA /* MyTableViewController.swift */; };
		42685D371D2C3885008ABC3D /* StaticTextAndAttributedTextViewController.swift in Sources */ = {isa = PBXBuildFile; fileRef = 42685D361D2C3885008ABC3D /* StaticTextAndAttributedTextViewController.swift */; };
		42685D401D2D6AB2008ABC3D /* WorkInProgressViewController.swift in Sources */ = {isa = PBXBuildFile; fileRef = 42685D3F1D2D6AB2008ABC3D /* WorkInProgressViewController.swift */; };
		42685D421D2D6B01008ABC3D /* ScientificSliderViewController.swift in Sources */ = {isa = PBXBuildFile; fileRef = 42685D411D2D6B01008ABC3D /* ScientificSliderViewController.swift */; };
		42B1BB471E82C1C10090156A /* Settings.storyboard in Resources */ = {isa = PBXBuildFile; fileRef = 42B1BB461E82C1C10090156A /* Settings.storyboard */; };
		42B1BB491E82C1EF0090156A /* SettingsViewController.swift in Sources */ = {isa = PBXBuildFile; fileRef = 42B1BB481E82C1EF0090156A /* SettingsViewController.swift */; };
		42B1BB581E8462D50090156A /* ReloadingViewController.swift in Sources */ = {isa = PBXBuildFile; fileRef = 42B1BB571E8462D50090156A /* ReloadingViewController.swift */; };
		42B5BC0F1B8CC2A000A70A54 /* SteppersViewController.swift in Sources */ = {isa = PBXBuildFile; fileRef = 42B5BC0E1B8CC2A000A70A54 /* SteppersViewController.swift */; };
		42C6DD951D76253200D82DC9 /* Tutorial0_StaticText_ViewController.swift in Sources */ = {isa = PBXBuildFile; fileRef = 42C6DD931D76253200D82DC9 /* Tutorial0_StaticText_ViewController.swift */; };
		42C6DD961D76253200D82DC9 /* Tutorial1_TextField_ViewController.swift in Sources */ = {isa = PBXBuildFile; fileRef = 42C6DD941D76253200D82DC9 /* Tutorial1_TextField_ViewController.swift */; };
		42C6DD9B1D76264F00D82DC9 /* Tutorial2_ChildViewController_ViewController.swift in Sources */ = {isa = PBXBuildFile; fileRef = 42C6DD9A1D76264F00D82DC9 /* Tutorial2_ChildViewController_ViewController.swift */; };
		42CEBF9B1A3BA2B50048E072 /* AppDelegate.swift in Sources */ = {isa = PBXBuildFile; fileRef = 42CEBF9A1A3BA2B50048E072 /* AppDelegate.swift */; };
		42CEBFA21A3BA2B50048E072 /* Images.xcassets in Resources */ = {isa = PBXBuildFile; fileRef = 42CEBFA11A3BA2B50048E072 /* Images.xcassets */; };
		42D005151B9631F400986B3B /* LoadingCell.swift in Sources */ = {isa = PBXBuildFile; fileRef = 42D005131B9631F400986B3B /* LoadingCell.swift */; };
		42D005161B9631F400986B3B /* LoadingCell.xib in Resources */ = {isa = PBXBuildFile; fileRef = 42D005141B9631F400986B3B /* LoadingCell.xib */; };
		42D0051A1B96395D00986B3B /* CustomViewController.swift in Sources */ = {isa = PBXBuildFile; fileRef = 42D005191B96395D00986B3B /* CustomViewController.swift */; };
		42D2975D1D4CD6C100561780 /* Random.swift in Sources */ = {isa = PBXBuildFile; fileRef = 42D2975C1D4CD6C100561780 /* Random.swift */; };
		42ED169A1D294D0C001B4D61 /* SegmentedControlsViewController.swift in Sources */ = {isa = PBXBuildFile; fileRef = 42ED16991D294D0C001B4D61 /* SegmentedControlsViewController.swift */; };
		42FABBC91D4152490066E45A /* ColorPickerViewController.swift in Sources */ = {isa = PBXBuildFile; fileRef = 42FABBC81D4152490066E45A /* ColorPickerViewController.swift */; };
		42FABBCB1D4173FF0066E45A /* PrecisionSlidersViewController.swift in Sources */ = {isa = PBXBuildFile; fileRef = 42FABBCA1D4173FF0066E45A /* PrecisionSlidersViewController.swift */; };
		CD5878FB1FA324CD00BB3B8E /* TextFieldEditingEndViewController.swift in Sources */ = {isa = PBXBuildFile; fileRef = CD5878FA1FA324CD00BB3B8E /* TextFieldEditingEndViewController.swift */; };
/* End PBXBuildFile section */

/* Begin PBXContainerItemProxy section */
		425A32691B71571A006A433E /* PBXContainerItemProxy */ = {
			isa = PBXContainerItemProxy;
			containerPortal = 429910D51B347FD7001F9195 /* SwiftyFORM.xcodeproj */;
			proxyType = 1;
			remoteGlobalIDString = 42D5DE641A38167400D5C368;
			remoteInfo = SwiftyFORM;
		};
		429910DA1B347FD8001F9195 /* PBXContainerItemProxy */ = {
			isa = PBXContainerItemProxy;
			containerPortal = 429910D51B347FD7001F9195 /* SwiftyFORM.xcodeproj */;
			proxyType = 2;
			remoteGlobalIDString = 42D5DE651A38167400D5C368;
			remoteInfo = SwiftyFORM;
		};
		429910DC1B347FD8001F9195 /* PBXContainerItemProxy */ = {
			isa = PBXContainerItemProxy;
			containerPortal = 429910D51B347FD7001F9195 /* SwiftyFORM.xcodeproj */;
			proxyType = 2;
			remoteGlobalIDString = 42D5DE6F1A38167400D5C368;
			remoteInfo = SwiftyFORMTests;
		};
		429910DE1B348018001F9195 /* PBXContainerItemProxy */ = {
			isa = PBXContainerItemProxy;
			containerPortal = 429910D51B347FD7001F9195 /* SwiftyFORM.xcodeproj */;
			proxyType = 1;
			remoteGlobalIDString = 42D5DE641A38167400D5C368;
			remoteInfo = SwiftyFORM;
		};
/* End PBXContainerItemProxy section */

/* Begin PBXCopyFilesBuildPhase section */
		42CEC0451A3C5C0A0048E072 /* Embed Frameworks */ = {
			isa = PBXCopyFilesBuildPhase;
			buildActionMask = 2147483647;
			dstPath = "";
			dstSubfolderSpec = 10;
			files = (
				425A32681B71571A006A433E /* SwiftyFORM.framework in Embed Frameworks */,
			);
			name = "Embed Frameworks";
			runOnlyForDeploymentPostprocessing = 0;
		};
/* End PBXCopyFilesBuildPhase section */

/* Begin PBXFileReference section */
		42096E6B1B357CEE0068B084 /* SlidersViewController.swift */ = {isa = PBXFileReference; fileEncoding = 4; lastKnownFileType = sourcecode.swift; path = SlidersViewController.swift; sourceTree = "<group>"; };
		42096E6D1B357ECA0068B084 /* OptionsViewController.swift */ = {isa = PBXFileReference; fileEncoding = 4; lastKnownFileType = sourcecode.swift; path = OptionsViewController.swift; sourceTree = "<group>"; };
		42096E6F1B35853E0068B084 /* ChangePasswordViewController.swift */ = {isa = PBXFileReference; fileEncoding = 4; lastKnownFileType = sourcecode.swift; path = ChangePasswordViewController.swift; sourceTree = "<group>"; };
		420AC6191F88D17500898C85 /* VoteViewController.swift */ = {isa = PBXFileReference; lastKnownFileType = sourcecode.swift; path = VoteViewController.swift; sourceTree = "<group>"; };
		420AC61B1F88D21000898C85 /* VoteViewController.storyboard */ = {isa = PBXFileReference; lastKnownFileType = file.storyboard; path = VoteViewController.storyboard; sourceTree = "<group>"; };
		420AC61D1F88D40500898C85 /* StoryboardDemoViewController.swift */ = {isa = PBXFileReference; lastKnownFileType = sourcecode.swift; path = StoryboardDemoViewController.swift; sourceTree = "<group>"; };
		420F6CCE1D6A27B8009D5F57 /* SlidersAndTextFieldsViewController.swift */ = {isa = PBXFileReference; fileEncoding = 4; lastKnownFileType = sourcecode.swift; path = SlidersAndTextFieldsViewController.swift; sourceTree = "<group>"; };
		42108D251B356C5B0067FEAA /* FirstViewController.swift */ = {isa = PBXFileReference; fileEncoding = 4; lastKnownFileType = sourcecode.swift; path = FirstViewController.swift; sourceTree = "<group>"; };
		42108D281B3576110067FEAA /* MaleFemaleViewController.swift */ = {isa = PBXFileReference; fileEncoding = 4; lastKnownFileType = sourcecode.swift; path = MaleFemaleViewController.swift; sourceTree = "<group>"; };
		42108D291B3576110067FEAA /* RateAppViewController.swift */ = {isa = PBXFileReference; fileEncoding = 4; lastKnownFileType = sourcecode.swift; path = RateAppViewController.swift; sourceTree = "<group>"; };
		42108D2A1B3576110067FEAA /* ReportViewController.swift */ = {isa = PBXFileReference; fileEncoding = 4; lastKnownFileType = sourcecode.swift; path = ReportViewController.swift; sourceTree = "<group>"; };
		42108D2B1B3576110067FEAA /* SignUpViewController.swift */ = {isa = PBXFileReference; fileEncoding = 4; lastKnownFileType = sourcecode.swift; path = SignUpViewController.swift; sourceTree = "<group>"; };
		42108D331B357A440067FEAA /* ButtonsViewController.swift */ = {isa = PBXFileReference; fileEncoding = 4; lastKnownFileType = sourcecode.swift; path = ButtonsViewController.swift; sourceTree = "<group>"; };
		422437E31D719A4E00EC41E8 /* PickerViewViewController.swift */ = {isa = PBXFileReference; fileEncoding = 4; lastKnownFileType = sourcecode.swift; path = PickerViewViewController.swift; sourceTree = "<group>"; };
		423D17031BAF3A9B00A9859F /* AliensViewController.swift */ = {isa = PBXFileReference; fileEncoding = 4; lastKnownFileType = sourcecode.swift; path = AliensViewController.swift; sourceTree = "<group>"; };
		423D17041BAF3A9B00A9859F /* Area51.storyboard */ = {isa = PBXFileReference; fileEncoding = 4; lastKnownFileType = file.storyboard; path = Area51.storyboard; sourceTree = "<group>"; };
		423D17051BAF3A9B00A9859F /* GhostsViewController.swift */ = {isa = PBXFileReference; fileEncoding = 4; lastKnownFileType = sourcecode.swift; path = GhostsViewController.swift; sourceTree = "<group>"; };
		423E313D1D5BA98A0048D8C3 /* DatePickerBindingViewController.swift */ = {isa = PBXFileReference; fileEncoding = 4; lastKnownFileType = sourcecode.swift; path = DatePickerBindingViewController.swift; sourceTree = "<group>"; };
		4244C6931D6B864600FE1ECB /* Base */ = {isa = PBXFileReference; lastKnownFileType = file.storyboard; name = Base; path = Base.lproj/LaunchScreen.storyboard; sourceTree = "<group>"; };
		42589DAF1B3447E1007CA8C1 /* DatePickerLocaleViewController.swift */ = {isa = PBXFileReference; fileEncoding = 4; lastKnownFileType = sourcecode.swift; path = DatePickerLocaleViewController.swift; sourceTree = "<group>"; };
		42589DB01B3447E1007CA8C1 /* DatePickerRangeViewController.swift */ = {isa = PBXFileReference; fileEncoding = 4; lastKnownFileType = sourcecode.swift; path = DatePickerRangeViewController.swift; sourceTree = "<group>"; };
		42589DB11B3447E1007CA8C1 /* DatePickerInitialValueViewController.swift */ = {isa = PBXFileReference; fileEncoding = 4; lastKnownFileType = sourcecode.swift; path = DatePickerInitialValueViewController.swift; sourceTree = "<group>"; };
		42589DC71B3447EA007CA8C1 /* TextFieldKeyboardTypesViewController.swift */ = {isa = PBXFileReference; fileEncoding = 4; lastKnownFileType = sourcecode.swift; path = TextFieldKeyboardTypesViewController.swift; sourceTree = "<group>"; };
		42589DC81B3447EA007CA8C1 /* TextFieldReturnKeyViewController.swift */ = {isa = PBXFileReference; fileEncoding = 4; lastKnownFileType = sourcecode.swift; path = TextFieldReturnKeyViewController.swift; sourceTree = "<group>"; };
		42589DC91B3447EA007CA8C1 /* TextFieldTabThroughFormViewController.swift */ = {isa = PBXFileReference; fileEncoding = 4; lastKnownFileType = sourcecode.swift; path = TextFieldTabThroughFormViewController.swift; sourceTree = "<group>"; };
		42589DCA1B3447EA007CA8C1 /* TextFieldValidInvalidViewController.swift */ = {isa = PBXFileReference; fileEncoding = 4; lastKnownFileType = sourcecode.swift; path = TextFieldValidInvalidViewController.swift; sourceTree = "<group>"; };
		42589DCD1B3447EA007CA8C1 /* TextViewViewController.swift */ = {isa = PBXFileReference; fileEncoding = 4; lastKnownFileType = sourcecode.swift; path = TextViewViewController.swift; sourceTree = "<group>"; };
		4267986A1D8DB160002275CA /* HeaderFooterViewController.swift */ = {isa = PBXFileReference; fileEncoding = 4; lastKnownFileType = sourcecode.swift; path = HeaderFooterViewController.swift; sourceTree = "<group>"; };
		4267986B1D8DB160002275CA /* NoHeaderViewController.swift */ = {isa = PBXFileReference; fileEncoding = 4; lastKnownFileType = sourcecode.swift; path = NoHeaderViewController.swift; sourceTree = "<group>"; };
		4267986F1D8DB17B002275CA /* MyCollectionViewController.swift */ = {isa = PBXFileReference; fileEncoding = 4; lastKnownFileType = sourcecode.swift; path = MyCollectionViewController.swift; sourceTree = "<group>"; };
		426798701D8DB17B002275CA /* MyTableViewController.swift */ = {isa = PBXFileReference; fileEncoding = 4; lastKnownFileType = sourcecode.swift; path = MyTableViewController.swift; sourceTree = "<group>"; };
		42685D361D2C3885008ABC3D /* StaticTextAndAttributedTextViewController.swift */ = {isa = PBXFileReference; fileEncoding = 4; lastKnownFileType = sourcecode.swift; path = StaticTextAndAttributedTextViewController.swift; sourceTree = "<group>"; };
		42685D3F1D2D6AB2008ABC3D /* WorkInProgressViewController.swift */ = {isa = PBXFileReference; fileEncoding = 4; lastKnownFileType = sourcecode.swift; path = WorkInProgressViewController.swift; sourceTree = "<group>"; };
		42685D411D2D6B01008ABC3D /* ScientificSliderViewController.swift */ = {isa = PBXFileReference; fileEncoding = 4; lastKnownFileType = sourcecode.swift; path = ScientificSliderViewController.swift; sourceTree = "<group>"; };
		429910D51B347FD7001F9195 /* SwiftyFORM.xcodeproj */ = {isa = PBXFileReference; lastKnownFileType = "wrapper.pb-project"; path = SwiftyFORM.xcodeproj; sourceTree = "<group>"; };
		42B1BB461E82C1C10090156A /* Settings.storyboard */ = {isa = PBXFileReference; fileEncoding = 4; lastKnownFileType = file.storyboard; path = Settings.storyboard; sourceTree = "<group>"; };
		42B1BB481E82C1EF0090156A /* SettingsViewController.swift */ = {isa = PBXFileReference; fileEncoding = 4; lastKnownFileType = sourcecode.swift; path = SettingsViewController.swift; sourceTree = "<group>"; };
		42B1BB571E8462D50090156A /* ReloadingViewController.swift */ = {isa = PBXFileReference; fileEncoding = 4; lastKnownFileType = sourcecode.swift; path = ReloadingViewController.swift; sourceTree = "<group>"; };
		42B5BC0E1B8CC2A000A70A54 /* SteppersViewController.swift */ = {isa = PBXFileReference; fileEncoding = 4; lastKnownFileType = sourcecode.swift; path = SteppersViewController.swift; sourceTree = "<group>"; };
		42C6DD931D76253200D82DC9 /* Tutorial0_StaticText_ViewController.swift */ = {isa = PBXFileReference; fileEncoding = 4; lastKnownFileType = sourcecode.swift; path = Tutorial0_StaticText_ViewController.swift; sourceTree = "<group>"; };
		42C6DD941D76253200D82DC9 /* Tutorial1_TextField_ViewController.swift */ = {isa = PBXFileReference; fileEncoding = 4; lastKnownFileType = sourcecode.swift; path = Tutorial1_TextField_ViewController.swift; sourceTree = "<group>"; };
		42C6DD9A1D76264F00D82DC9 /* Tutorial2_ChildViewController_ViewController.swift */ = {isa = PBXFileReference; fileEncoding = 4; lastKnownFileType = sourcecode.swift; path = Tutorial2_ChildViewController_ViewController.swift; sourceTree = "<group>"; };
		42CEBF951A3BA2B50048E072 /* Example.app */ = {isa = PBXFileReference; explicitFileType = wrapper.application; includeInIndex = 0; path = Example.app; sourceTree = BUILT_PRODUCTS_DIR; };
		42CEBF991A3BA2B50048E072 /* Info.plist */ = {isa = PBXFileReference; lastKnownFileType = text.plist.xml; path = Info.plist; sourceTree = "<group>"; };
		42CEBF9A1A3BA2B50048E072 /* AppDelegate.swift */ = {isa = PBXFileReference; lastKnownFileType = sourcecode.swift; path = AppDelegate.swift; sourceTree = "<group>"; };
		42CEBFA11A3BA2B50048E072 /* Images.xcassets */ = {isa = PBXFileReference; lastKnownFileType = folder.assetcatalog; path = Images.xcassets; sourceTree = "<group>"; };
		42D005131B9631F400986B3B /* LoadingCell.swift */ = {isa = PBXFileReference; fileEncoding = 4; lastKnownFileType = sourcecode.swift; path = LoadingCell.swift; sourceTree = "<group>"; };
		42D005141B9631F400986B3B /* LoadingCell.xib */ = {isa = PBXFileReference; fileEncoding = 4; lastKnownFileType = file.xib; path = LoadingCell.xib; sourceTree = "<group>"; };
		42D005191B96395D00986B3B /* CustomViewController.swift */ = {isa = PBXFileReference; fileEncoding = 4; lastKnownFileType = sourcecode.swift; path = CustomViewController.swift; sourceTree = "<group>"; };
		42D2975C1D4CD6C100561780 /* Random.swift */ = {isa = PBXFileReference; fileEncoding = 4; lastKnownFileType = sourcecode.swift; path = Random.swift; sourceTree = "<group>"; };
		42ED16991D294D0C001B4D61 /* SegmentedControlsViewController.swift */ = {isa = PBXFileReference; fileEncoding = 4; lastKnownFileType = sourcecode.swift; path = SegmentedControlsViewController.swift; sourceTree = "<group>"; };
		42FABBC81D4152490066E45A /* ColorPickerViewController.swift */ = {isa = PBXFileReference; fileEncoding = 4; lastKnownFileType = sourcecode.swift; path = ColorPickerViewController.swift; sourceTree = "<group>"; };
		42FABBCA1D4173FF0066E45A /* PrecisionSlidersViewController.swift */ = {isa = PBXFileReference; fileEncoding = 4; lastKnownFileType = sourcecode.swift; path = PrecisionSlidersViewController.swift; sourceTree = "<group>"; };
		CD5878FA1FA324CD00BB3B8E /* TextFieldEditingEndViewController.swift */ = {isa = PBXFileReference; lastKnownFileType = sourcecode.swift; path = TextFieldEditingEndViewController.swift; sourceTree = "<group>"; };
/* End PBXFileReference section */

/* Begin PBXFrameworksBuildPhase section */
		42CEBF921A3BA2B50048E072 /* Frameworks */ = {
			isa = PBXFrameworksBuildPhase;
			buildActionMask = 2147483647;
			files = (
				425A32671B71571A006A433E /* SwiftyFORM.framework in Frameworks */,
			);
			runOnlyForDeploymentPostprocessing = 0;
		};
/* End PBXFrameworksBuildPhase section */

/* Begin PBXGroup section */
		420AC6171F88D0B400898C85 /* Storyboard */ = {
			isa = PBXGroup;
			children = (
				420AC61D1F88D40500898C85 /* StoryboardDemoViewController.swift */,
				420AC61B1F88D21000898C85 /* VoteViewController.storyboard */,
				420AC6191F88D17500898C85 /* VoteViewController.swift */,
			);
			path = Storyboard;
			sourceTree = "<group>";
		};
		42108D271B3576110067FEAA /* Usecases */ = {
			isa = PBXGroup;
			children = (
				423D17021BAF3A9B00A9859F /* Area51 */,
				42096E6F1B35853E0068B084 /* ChangePasswordViewController.swift */,
				42FABBC81D4152490066E45A /* ColorPickerViewController.swift */,
				42108D281B3576110067FEAA /* MaleFemaleViewController.swift */,
				42108D291B3576110067FEAA /* RateAppViewController.swift */,
				42108D2A1B3576110067FEAA /* ReportViewController.swift */,
				42108D2B1B3576110067FEAA /* SignUpViewController.swift */,
			);
			path = Usecases;
			sourceTree = "<group>";
		};
		423D17021BAF3A9B00A9859F /* Area51 */ = {
			isa = PBXGroup;
			children = (
				423D17031BAF3A9B00A9859F /* AliensViewController.swift */,
				423D17041BAF3A9B00A9859F /* Area51.storyboard */,
				423D17051BAF3A9B00A9859F /* GhostsViewController.swift */,
			);
			path = Area51;
			sourceTree = "<group>";
		};
		42589DAE1B3447E1007CA8C1 /* DatePicker */ = {
			isa = PBXGroup;
			children = (
				423E313D1D5BA98A0048D8C3 /* DatePickerBindingViewController.swift */,
				42589DB11B3447E1007CA8C1 /* DatePickerInitialValueViewController.swift */,
				42589DAF1B3447E1007CA8C1 /* DatePickerLocaleViewController.swift */,
				42589DB01B3447E1007CA8C1 /* DatePickerRangeViewController.swift */,
			);
			path = DatePicker;
			sourceTree = "<group>";
		};
		42589DC21B3447EA007CA8C1 /* Other */ = {
			isa = PBXGroup;
			children = (
				42108D331B357A440067FEAA /* ButtonsViewController.swift */,
				42096E6D1B357ECA0068B084 /* OptionsViewController.swift */,
				422437E31D719A4E00EC41E8 /* PickerViewViewController.swift */,
				42FABBCA1D4173FF0066E45A /* PrecisionSlidersViewController.swift */,
				42B1BB571E8462D50090156A /* ReloadingViewController.swift */,
				42ED16991D294D0C001B4D61 /* SegmentedControlsViewController.swift */,
				420F6CCE1D6A27B8009D5F57 /* SlidersAndTextFieldsViewController.swift */,
				42096E6B1B357CEE0068B084 /* SlidersViewController.swift */,
				42685D361D2C3885008ABC3D /* StaticTextAndAttributedTextViewController.swift */,
				42B5BC0E1B8CC2A000A70A54 /* SteppersViewController.swift */,
			);
			path = Other;
			sourceTree = "<group>";
		};
		42589DC61B3447EA007CA8C1 /* TextField */ = {
			isa = PBXGroup;
			children = (
				CD5878FA1FA324CD00BB3B8E /* TextFieldEditingEndViewController.swift */,
				42589DC71B3447EA007CA8C1 /* TextFieldKeyboardTypesViewController.swift */,
				42589DC81B3447EA007CA8C1 /* TextFieldReturnKeyViewController.swift */,
				42589DC91B3447EA007CA8C1 /* TextFieldTabThroughFormViewController.swift */,
				42589DCA1B3447EA007CA8C1 /* TextFieldValidInvalidViewController.swift */,
			);
			path = TextField;
			sourceTree = "<group>";
		};
		42589DCC1B3447EA007CA8C1 /* TextView */ = {
			isa = PBXGroup;
			children = (
				42589DCD1B3447EA007CA8C1 /* TextViewViewController.swift */,
			);
			path = TextView;
			sourceTree = "<group>";
		};
		426798691D8DB160002275CA /* HeaderFooter */ = {
			isa = PBXGroup;
			children = (
				4267986A1D8DB160002275CA /* HeaderFooterViewController.swift */,
				4267986B1D8DB160002275CA /* NoHeaderViewController.swift */,
			);
			path = HeaderFooter;
			sourceTree = "<group>";
		};
		4267986E1D8DB17B002275CA /* Non-SwiftyFORM */ = {
			isa = PBXGroup;
			children = (
				4267986F1D8DB17B002275CA /* MyCollectionViewController.swift */,
				426798701D8DB17B002275CA /* MyTableViewController.swift */,
			);
			path = "Non-SwiftyFORM";
			sourceTree = "<group>";
		};
		42685D3E1D2D6AB2008ABC3D /* WorkInProgress */ = {
			isa = PBXGroup;
			children = (
				42685D3F1D2D6AB2008ABC3D /* WorkInProgressViewController.swift */,
				42685D411D2D6B01008ABC3D /* ScientificSliderViewController.swift */,
			);
			path = WorkInProgress;
			sourceTree = "<group>";
		};
		429910D61B347FD7001F9195 /* Products */ = {
			isa = PBXGroup;
			children = (
				429910DB1B347FD8001F9195 /* SwiftyFORM.framework */,
				429910DD1B347FD8001F9195 /* SwiftyFORMTests.xctest */,
			);
			name = Products;
			sourceTree = "<group>";
		};
		42B1BB451E82C1B40090156A /* Settings */ = {
			isa = PBXGroup;
			children = (
				42B1BB461E82C1C10090156A /* Settings.storyboard */,
				42B1BB481E82C1EF0090156A /* SettingsViewController.swift */,
			);
			path = Settings;
			sourceTree = "<group>";
		};
		42C6DD921D76253200D82DC9 /* Tutorial */ = {
			isa = PBXGroup;
			children = (
				42C6DD931D76253200D82DC9 /* Tutorial0_StaticText_ViewController.swift */,
				42C6DD941D76253200D82DC9 /* Tutorial1_TextField_ViewController.swift */,
				42C6DD9A1D76264F00D82DC9 /* Tutorial2_ChildViewController_ViewController.swift */,
			);
			path = Tutorial;
			sourceTree = "<group>";
		};
		42CEBF8C1A3BA2B50048E072 = {
			isa = PBXGroup;
			children = (
				429910D51B347FD7001F9195 /* SwiftyFORM.xcodeproj */,
				42CEBF971A3BA2B50048E072 /* Example */,
				42CEBF961A3BA2B50048E072 /* Products */,
			);
			sourceTree = "<group>";
		};
		42CEBF961A3BA2B50048E072 /* Products */ = {
			isa = PBXGroup;
			children = (
				42CEBF951A3BA2B50048E072 /* Example.app */,
			);
			name = Products;
			sourceTree = "<group>";
		};
		42CEBF971A3BA2B50048E072 /* Example */ = {
			isa = PBXGroup;
			children = (
				42CEBF9A1A3BA2B50048E072 /* AppDelegate.swift */,
				42D005111B96319900986B3B /* Custom */,
				42589DAE1B3447E1007CA8C1 /* DatePicker */,
				42108D251B356C5B0067FEAA /* FirstViewController.swift */,
				426798691D8DB160002275CA /* HeaderFooter */,
				42CEBFA11A3BA2B50048E072 /* Images.xcassets */,
				4244C6921D6B864600FE1ECB /* LaunchScreen.storyboard */,
				4267986E1D8DB17B002275CA /* Non-SwiftyFORM */,
				42589DC21B3447EA007CA8C1 /* Other */,
				42B1BB451E82C1B40090156A /* Settings */,
				420AC6171F88D0B400898C85 /* Storyboard */,
				42CEBF981A3BA2B50048E072 /* Supporting Files */,
				42589DC61B3447EA007CA8C1 /* TextField */,
				42589DCC1B3447EA007CA8C1 /* TextView */,
				42C6DD921D76253200D82DC9 /* Tutorial */,
				42108D271B3576110067FEAA /* Usecases */,
				42D2975B1D4CD6C100561780 /* Util */,
				42685D3E1D2D6AB2008ABC3D /* WorkInProgress */,
			);
			path = Example;
			sourceTree = "<group>";
		};
		42CEBF981A3BA2B50048E072 /* Supporting Files */ = {
			isa = PBXGroup;
			children = (
				42CEBF991A3BA2B50048E072 /* Info.plist */,
			);
			name = "Supporting Files";
			sourceTree = "<group>";
		};
		42D005111B96319900986B3B /* Custom */ = {
			isa = PBXGroup;
			children = (
				42D005191B96395D00986B3B /* CustomViewController.swift */,
				42D005131B9631F400986B3B /* LoadingCell.swift */,
				42D005141B9631F400986B3B /* LoadingCell.xib */,
			);
			path = Custom;
			sourceTree = "<group>";
		};
		42D2975B1D4CD6C100561780 /* Util */ = {
			isa = PBXGroup;
			children = (
				42D2975C1D4CD6C100561780 /* Random.swift */,
			);
			path = Util;
			sourceTree = "<group>";
		};
/* End PBXGroup section */

/* Begin PBXNativeTarget section */
		42CEBF941A3BA2B50048E072 /* Example */ = {
			isa = PBXNativeTarget;
			buildConfigurationList = 42CEBFB41A3BA2B50048E072 /* Build configuration list for PBXNativeTarget "Example" */;
			buildPhases = (
				42CEBF911A3BA2B50048E072 /* Sources */,
				42CEBF921A3BA2B50048E072 /* Frameworks */,
				42CEBF931A3BA2B50048E072 /* Resources */,
				42CEC0451A3C5C0A0048E072 /* Embed Frameworks */,
			);
			buildRules = (
			);
			dependencies = (
				429910DF1B348018001F9195 /* PBXTargetDependency */,
				425A326A1B71571A006A433E /* PBXTargetDependency */,
			);
			name = Example;
			productName = demo_swift_ios8;
			productReference = 42CEBF951A3BA2B50048E072 /* Example.app */;
			productType = "com.apple.product-type.application";
		};
/* End PBXNativeTarget section */

/* Begin PBXProject section */
		42CEBF8D1A3BA2B50048E072 /* Project object */ = {
			isa = PBXProject;
			attributes = {
				LastSwiftUpdateCheck = 0700;
				LastUpgradeCheck = 0920;
				ORGANIZATIONNAME = "Simon Strandgaard";
				TargetAttributes = {
					42CEBF941A3BA2B50048E072 = {
						CreatedOnToolsVersion = 6.1.1;
						DevelopmentTeam = 22DR89XVRF;
						LastSwiftMigration = 0920;
					};
				};
			};
			buildConfigurationList = 42CEBF901A3BA2B50048E072 /* Build configuration list for PBXProject "Example" */;
			compatibilityVersion = "Xcode 3.2";
			developmentRegion = English;
			hasScannedForEncodings = 0;
			knownRegions = (
				en,
				Base,
			);
			mainGroup = 42CEBF8C1A3BA2B50048E072;
			productRefGroup = 42CEBF961A3BA2B50048E072 /* Products */;
			projectDirPath = "";
			projectReferences = (
				{
					ProductGroup = 429910D61B347FD7001F9195 /* Products */;
					ProjectRef = 429910D51B347FD7001F9195 /* SwiftyFORM.xcodeproj */;
				},
			);
			projectRoot = "";
			targets = (
				42CEBF941A3BA2B50048E072 /* Example */,
			);
		};
/* End PBXProject section */

/* Begin PBXReferenceProxy section */
		429910DB1B347FD8001F9195 /* SwiftyFORM.framework */ = {
			isa = PBXReferenceProxy;
			fileType = wrapper.framework;
			path = SwiftyFORM.framework;
			remoteRef = 429910DA1B347FD8001F9195 /* PBXContainerItemProxy */;
			sourceTree = BUILT_PRODUCTS_DIR;
		};
		429910DD1B347FD8001F9195 /* SwiftyFORMTests.xctest */ = {
			isa = PBXReferenceProxy;
			fileType = wrapper.cfbundle;
			path = SwiftyFORMTests.xctest;
			remoteRef = 429910DC1B347FD8001F9195 /* PBXContainerItemProxy */;
			sourceTree = BUILT_PRODUCTS_DIR;
		};
/* End PBXReferenceProxy section */

/* Begin PBXResourcesBuildPhase section */
		42CEBF931A3BA2B50048E072 /* Resources */ = {
			isa = PBXResourcesBuildPhase;
			buildActionMask = 2147483647;
			files = (
				42D005161B9631F400986B3B /* LoadingCell.xib in Resources */,
				42CEBFA21A3BA2B50048E072 /* Images.xcassets in Resources */,
				4244C6941D6B864600FE1ECB /* LaunchScreen.storyboard in Resources */,
				420AC61C1F88D21000898C85 /* VoteViewController.storyboard in Resources */,
				423D17071BAF3A9B00A9859F /* Area51.storyboard in Resources */,
				42B1BB471E82C1C10090156A /* Settings.storyboard in Resources */,
			);
			runOnlyForDeploymentPostprocessing = 0;
		};
/* End PBXResourcesBuildPhase section */

/* Begin PBXSourcesBuildPhase section */
		42CEBF911A3BA2B50048E072 /* Sources */ = {
			isa = PBXSourcesBuildPhase;
			buildActionMask = 2147483647;
			files = (
				423D17061BAF3A9B00A9859F /* AliensViewController.swift in Sources */,
				42589DB61B3447E1007CA8C1 /* DatePickerLocaleViewController.swift in Sources */,
				420AC61A1F88D17500898C85 /* VoteViewController.swift in Sources */,
				42108D2D1B3576110067FEAA /* RateAppViewController.swift in Sources */,
				426798721D8DB17B002275CA /* MyTableViewController.swift in Sources */,
				42D0051A1B96395D00986B3B /* CustomViewController.swift in Sources */,
				42C6DD951D76253200D82DC9 /* Tutorial0_StaticText_ViewController.swift in Sources */,
				42096E6E1B357ECA0068B084 /* OptionsViewController.swift in Sources */,
				42B1BB491E82C1EF0090156A /* SettingsViewController.swift in Sources */,
				42589DDB1B3447EA007CA8C1 /* TextFieldReturnKeyViewController.swift in Sources */,
				42FABBCB1D4173FF0066E45A /* PrecisionSlidersViewController.swift in Sources */,
				42108D261B356C5B0067FEAA /* FirstViewController.swift in Sources */,
				42CEBF9B1A3BA2B50048E072 /* AppDelegate.swift in Sources */,
				420F6CCF1D6A27B8009D5F57 /* SlidersAndTextFieldsViewController.swift in Sources */,
				42589DDD1B3447EA007CA8C1 /* TextFieldValidInvalidViewController.swift in Sources */,
				42ED169A1D294D0C001B4D61 /* SegmentedControlsViewController.swift in Sources */,
				42685D421D2D6B01008ABC3D /* ScientificSliderViewController.swift in Sources */,
				42685D371D2C3885008ABC3D /* StaticTextAndAttributedTextViewController.swift in Sources */,
				42096E6C1B357CEE0068B084 /* SlidersViewController.swift in Sources */,
				42D005151B9631F400986B3B /* LoadingCell.swift in Sources */,
				42096E701B35853E0068B084 /* ChangePasswordViewController.swift in Sources */,
				42C6DD9B1D76264F00D82DC9 /* Tutorial2_ChildViewController_ViewController.swift in Sources */,
				42108D2E1B3576110067FEAA /* ReportViewController.swift in Sources */,
				42D2975D1D4CD6C100561780 /* Random.swift in Sources */,
				42589DDA1B3447EA007CA8C1 /* TextFieldKeyboardTypesViewController.swift in Sources */,
				CD5878FB1FA324CD00BB3B8E /* TextFieldEditingEndViewController.swift in Sources */,
				42589DB81B3447E1007CA8C1 /* DatePickerInitialValueViewController.swift in Sources */,
				426798711D8DB17B002275CA /* MyCollectionViewController.swift in Sources */,
				42685D401D2D6AB2008ABC3D /* WorkInProgressViewController.swift in Sources */,
				4267986D1D8DB160002275CA /* NoHeaderViewController.swift in Sources */,
				42108D2C1B3576110067FEAA /* MaleFemaleViewController.swift in Sources */,
				420AC61E1F88D40500898C85 /* StoryboardDemoViewController.swift in Sources */,
				423E313E1D5BA98A0048D8C3 /* DatePickerBindingViewController.swift in Sources */,
				42FABBC91D4152490066E45A /* ColorPickerViewController.swift in Sources */,
				4267986C1D8DB160002275CA /* HeaderFooterViewController.swift in Sources */,
				42C6DD961D76253200D82DC9 /* Tutorial1_TextField_ViewController.swift in Sources */,
				42589DDF1B3447EA007CA8C1 /* TextViewViewController.swift in Sources */,
				42108D341B357A440067FEAA /* ButtonsViewController.swift in Sources */,
				422437E41D719A4E00EC41E8 /* PickerViewViewController.swift in Sources */,
				423D17081BAF3A9B00A9859F /* GhostsViewController.swift in Sources */,
				42108D2F1B3576110067FEAA /* SignUpViewController.swift in Sources */,
				42589DDC1B3447EA007CA8C1 /* TextFieldTabThroughFormViewController.swift in Sources */,
				42B5BC0F1B8CC2A000A70A54 /* SteppersViewController.swift in Sources */,
				42B1BB581E8462D50090156A /* ReloadingViewController.swift in Sources */,
				42589DB71B3447E1007CA8C1 /* DatePickerRangeViewController.swift in Sources */,
			);
			runOnlyForDeploymentPostprocessing = 0;
		};
/* End PBXSourcesBuildPhase section */

/* Begin PBXTargetDependency section */
		425A326A1B71571A006A433E /* PBXTargetDependency */ = {
			isa = PBXTargetDependency;
			name = SwiftyFORM;
			targetProxy = 425A32691B71571A006A433E /* PBXContainerItemProxy */;
		};
		429910DF1B348018001F9195 /* PBXTargetDependency */ = {
			isa = PBXTargetDependency;
			name = SwiftyFORM;
			targetProxy = 429910DE1B348018001F9195 /* PBXContainerItemProxy */;
		};
/* End PBXTargetDependency section */

/* Begin PBXVariantGroup section */
		4244C6921D6B864600FE1ECB /* LaunchScreen.storyboard */ = {
			isa = PBXVariantGroup;
			children = (
				4244C6931D6B864600FE1ECB /* Base */,
			);
			name = LaunchScreen.storyboard;
			sourceTree = "<group>";
		};
/* End PBXVariantGroup section */

/* Begin XCBuildConfiguration section */
		42CEBFB21A3BA2B50048E072 /* Debug */ = {
			isa = XCBuildConfiguration;
			buildSettings = {
				ALWAYS_SEARCH_USER_PATHS = NO;
				CLANG_CXX_LANGUAGE_STANDARD = "gnu++0x";
				CLANG_CXX_LIBRARY = "libc++";
				CLANG_ENABLE_MODULES = YES;
				CLANG_ENABLE_OBJC_ARC = YES;
				CLANG_WARN_BLOCK_CAPTURE_AUTORELEASING = YES;
				CLANG_WARN_BOOL_CONVERSION = YES;
				CLANG_WARN_COMMA = YES;
				CLANG_WARN_CONSTANT_CONVERSION = YES;
				CLANG_WARN_DIRECT_OBJC_ISA_USAGE = YES_ERROR;
				CLANG_WARN_EMPTY_BODY = YES;
				CLANG_WARN_ENUM_CONVERSION = YES;
				CLANG_WARN_INFINITE_RECURSION = YES;
				CLANG_WARN_INT_CONVERSION = YES;
				CLANG_WARN_NON_LITERAL_NULL_CONVERSION = YES;
				CLANG_WARN_OBJC_LITERAL_CONVERSION = YES;
				CLANG_WARN_OBJC_ROOT_CLASS = YES_ERROR;
				CLANG_WARN_RANGE_LOOP_ANALYSIS = YES;
				CLANG_WARN_STRICT_PROTOTYPES = YES;
				CLANG_WARN_SUSPICIOUS_MOVE = YES;
				CLANG_WARN_UNREACHABLE_CODE = YES;
				CLANG_WARN__DUPLICATE_METHOD_MATCH = YES;
				"CODE_SIGN_IDENTITY[sdk=iphoneos*]" = "iPhone Developer";
				COPY_PHASE_STRIP = NO;
				ENABLE_STRICT_OBJC_MSGSEND = YES;
				ENABLE_TESTABILITY = YES;
				GCC_C_LANGUAGE_STANDARD = gnu99;
				GCC_DYNAMIC_NO_PIC = NO;
				GCC_NO_COMMON_BLOCKS = YES;
				GCC_OPTIMIZATION_LEVEL = 0;
				GCC_PREPROCESSOR_DEFINITIONS = (
					"DEBUG=1",
					"$(inherited)",
				);
				GCC_SYMBOLS_PRIVATE_EXTERN = NO;
				GCC_WARN_64_TO_32_BIT_CONVERSION = YES;
				GCC_WARN_ABOUT_RETURN_TYPE = YES_ERROR;
				GCC_WARN_UNDECLARED_SELECTOR = YES;
				GCC_WARN_UNINITIALIZED_AUTOS = YES_AGGRESSIVE;
				GCC_WARN_UNUSED_FUNCTION = YES;
				GCC_WARN_UNUSED_VARIABLE = YES;
				IPHONEOS_DEPLOYMENT_TARGET = 9.0;
				MTL_ENABLE_DEBUG_INFO = YES;
				ONLY_ACTIVE_ARCH = YES;
				SDKROOT = iphoneos;
				SWIFT_OPTIMIZATION_LEVEL = "-Onone";
				TARGETED_DEVICE_FAMILY = "1,2";
			};
			name = Debug;
		};
		42CEBFB31A3BA2B50048E072 /* Release */ = {
			isa = XCBuildConfiguration;
			buildSettings = {
				ALWAYS_SEARCH_USER_PATHS = NO;
				CLANG_CXX_LANGUAGE_STANDARD = "gnu++0x";
				CLANG_CXX_LIBRARY = "libc++";
				CLANG_ENABLE_MODULES = YES;
				CLANG_ENABLE_OBJC_ARC = YES;
				CLANG_WARN_BLOCK_CAPTURE_AUTORELEASING = YES;
				CLANG_WARN_BOOL_CONVERSION = YES;
				CLANG_WARN_COMMA = YES;
				CLANG_WARN_CONSTANT_CONVERSION = YES;
				CLANG_WARN_DIRECT_OBJC_ISA_USAGE = YES_ERROR;
				CLANG_WARN_EMPTY_BODY = YES;
				CLANG_WARN_ENUM_CONVERSION = YES;
				CLANG_WARN_INFINITE_RECURSION = YES;
				CLANG_WARN_INT_CONVERSION = YES;
				CLANG_WARN_NON_LITERAL_NULL_CONVERSION = YES;
				CLANG_WARN_OBJC_LITERAL_CONVERSION = YES;
				CLANG_WARN_OBJC_ROOT_CLASS = YES_ERROR;
				CLANG_WARN_RANGE_LOOP_ANALYSIS = YES;
				CLANG_WARN_STRICT_PROTOTYPES = YES;
				CLANG_WARN_SUSPICIOUS_MOVE = YES;
				CLANG_WARN_UNREACHABLE_CODE = YES;
				CLANG_WARN__DUPLICATE_METHOD_MATCH = YES;
				"CODE_SIGN_IDENTITY[sdk=iphoneos*]" = "iPhone Developer";
				COPY_PHASE_STRIP = YES;
				ENABLE_NS_ASSERTIONS = NO;
				ENABLE_STRICT_OBJC_MSGSEND = YES;
				GCC_C_LANGUAGE_STANDARD = gnu99;
				GCC_NO_COMMON_BLOCKS = YES;
				GCC_WARN_64_TO_32_BIT_CONVERSION = YES;
				GCC_WARN_ABOUT_RETURN_TYPE = YES_ERROR;
				GCC_WARN_UNDECLARED_SELECTOR = YES;
				GCC_WARN_UNINITIALIZED_AUTOS = YES_AGGRESSIVE;
				GCC_WARN_UNUSED_FUNCTION = YES;
				GCC_WARN_UNUSED_VARIABLE = YES;
				IPHONEOS_DEPLOYMENT_TARGET = 9.0;
				MTL_ENABLE_DEBUG_INFO = NO;
				SDKROOT = iphoneos;
				SWIFT_OPTIMIZATION_LEVEL = "-Owholemodule";
				TARGETED_DEVICE_FAMILY = "1,2";
				VALIDATE_PRODUCT = YES;
			};
			name = Release;
		};
		42CEBFB51A3BA2B50048E072 /* Debug */ = {
			isa = XCBuildConfiguration;
			buildSettings = {
				ALWAYS_EMBED_SWIFT_STANDARD_LIBRARIES = YES;
				ASSETCATALOG_COMPILER_APPICON_NAME = AppIcon;
				DEVELOPMENT_TEAM = 22DR89XVRF;
				INFOPLIST_FILE = Example/Info.plist;
				LD_RUNPATH_SEARCH_PATHS = "$(inherited) @executable_path/Frameworks";
				PRODUCT_BUNDLE_IDENTIFIER = "dk.neoneye.$(PRODUCT_NAME:rfc1034identifier)";
				PRODUCT_NAME = Example;
				SWIFT_VERSION = 4.0;
			};
			name = Debug;
		};
		42CEBFB61A3BA2B50048E072 /* Release */ = {
			isa = XCBuildConfiguration;
			buildSettings = {
				ALWAYS_EMBED_SWIFT_STANDARD_LIBRARIES = YES;
				ASSETCATALOG_COMPILER_APPICON_NAME = AppIcon;
				DEVELOPMENT_TEAM = 22DR89XVRF;
				INFOPLIST_FILE = Example/Info.plist;
				LD_RUNPATH_SEARCH_PATHS = "$(inherited) @executable_path/Frameworks";
				PRODUCT_BUNDLE_IDENTIFIER = "dk.neoneye.$(PRODUCT_NAME:rfc1034identifier)";
				PRODUCT_NAME = Example;
				SWIFT_VERSION = 4.0;
			};
			name = Release;
		};
/* End XCBuildConfiguration section */

/* Begin XCConfigurationList section */
		42CEBF901A3BA2B50048E072 /* Build configuration list for PBXProject "Example" */ = {
			isa = XCConfigurationList;
			buildConfigurations = (
				42CEBFB21A3BA2B50048E072 /* Debug */,
				42CEBFB31A3BA2B50048E072 /* Release */,
			);
			defaultConfigurationIsVisible = 0;
			defaultConfigurationName = Release;
		};
		42CEBFB41A3BA2B50048E072 /* Build configuration list for PBXNativeTarget "Example" */ = {
			isa = XCConfigurationList;
			buildConfigurations = (
				42CEBFB51A3BA2B50048E072 /* Debug */,
				42CEBFB61A3BA2B50048E072 /* Release */,
			);
			defaultConfigurationIsVisible = 0;
			defaultConfigurationName = Release;
		};
/* End XCConfigurationList section */
	};
	rootObject = 42CEBF8D1A3BA2B50048E072 /* Project object */;
}
