// !$*UTF8*$!
{
	archiveVersion = 1;
	classes = {
	};
	objectVersion = 46;
	objects = {

/* Begin PBXBuildFile section */
		42096E731B358A7E0068B084 /* ShowInfo.swift in Sources */ = {isa = PBXBuildFile; fileRef = 42096E711B358A7E0068B084 /* ShowInfo.swift */; };
		42096E741B358A7E0068B084 /* SubmitButton.swift in Sources */ = {isa = PBXBuildFile; fileRef = 42096E721B358A7E0068B084 /* SubmitButton.swift */; };
		420F6CC71D69BBA5009D5F57 /* DontCollapseWhenScrolling.swift in Sources */ = {isa = PBXBuildFile; fileRef = 420F6CC61D69BBA5009D5F57 /* DontCollapseWhenScrolling.swift */; };
		420F6CC91D69C17F009D5F57 /* AssignAppearance.swift in Sources */ = {isa = PBXBuildFile; fileRef = 420F6CC81D69C17F009D5F57 /* AssignAppearance.swift */; };
		420F6CCB1D69EBAC009D5F57 /* UITableView+ScrollToVisibleAfterExpand.swift in Sources */ = {isa = PBXBuildFile; fileRef = 420F6CCA1D69EBAC009D5F57 /* UITableView+ScrollToVisibleAfterExpand.swift */; };
		420F6CCD1D6A1044009D5F57 /* ToggleExpandCollapse.swift in Sources */ = {isa = PBXBuildFile; fileRef = 420F6CCC1D6A1044009D5F57 /* ToggleExpandCollapse.swift */; };
		42108D171B34E9F60067FEAA /* ButtonFormItem.swift in Sources */ = {isa = PBXBuildFile; fileRef = 42108D0A1B34E9F60067FEAA /* ButtonFormItem.swift */; };
		42108D181B34E9F60067FEAA /* DatePickerFormItem.swift in Sources */ = {isa = PBXBuildFile; fileRef = 42108D0B1B34E9F60067FEAA /* DatePickerFormItem.swift */; };
		42108D191B34E9F60067FEAA /* FormItem.swift in Sources */ = {isa = PBXBuildFile; fileRef = 42108D0C1B34E9F60067FEAA /* FormItem.swift */; };
		42108D1A1B34E9F60067FEAA /* MetaFormItem.swift in Sources */ = {isa = PBXBuildFile; fileRef = 42108D0D1B34E9F60067FEAA /* MetaFormItem.swift */; };
		42108D1B1B34E9F60067FEAA /* OptionPickerFormItem.swift in Sources */ = {isa = PBXBuildFile; fileRef = 42108D0E1B34E9F60067FEAA /* OptionPickerFormItem.swift */; };
		42108D1C1B34E9F60067FEAA /* SectionFormItem.swift in Sources */ = {isa = PBXBuildFile; fileRef = 42108D0F1B34E9F60067FEAA /* SectionFormItem.swift */; };
		42108D1D1B34E9F60067FEAA /* SliderFormItem.swift in Sources */ = {isa = PBXBuildFile; fileRef = 42108D101B34E9F60067FEAA /* SliderFormItem.swift */; };
		42108D1E1B34E9F60067FEAA /* StaticTextFormItem.swift in Sources */ = {isa = PBXBuildFile; fileRef = 42108D111B34E9F60067FEAA /* StaticTextFormItem.swift */; };
		42108D1F1B34E9F60067FEAA /* StepperFormItem.swift in Sources */ = {isa = PBXBuildFile; fileRef = 42108D121B34E9F60067FEAA /* StepperFormItem.swift */; };
		42108D201B34E9F60067FEAA /* SwitchFormItem.swift in Sources */ = {isa = PBXBuildFile; fileRef = 42108D131B34E9F60067FEAA /* SwitchFormItem.swift */; };
		42108D211B34E9F60067FEAA /* TextFieldFormItem.swift in Sources */ = {isa = PBXBuildFile; fileRef = 42108D141B34E9F60067FEAA /* TextFieldFormItem.swift */; };
		42108D221B34E9F60067FEAA /* TextViewFormItem.swift in Sources */ = {isa = PBXBuildFile; fileRef = 42108D151B34E9F60067FEAA /* TextViewFormItem.swift */; };
		42108D231B34E9F60067FEAA /* ViewControllerFormItem.swift in Sources */ = {isa = PBXBuildFile; fileRef = 42108D161B34E9F60067FEAA /* ViewControllerFormItem.swift */; };
		4212E0131D3A3ABE002287D0 /* CellForRowDelegate.swift in Sources */ = {isa = PBXBuildFile; fileRef = 4212E0121D3A3ABE002287D0 /* CellForRowDelegate.swift */; };
		4219E1C51DB827CF00B3204A /* CharacterSetSpecification.swift in Sources */ = {isa = PBXBuildFile; fileRef = 4219E1BE1DB827CF00B3204A /* CharacterSetSpecification.swift */; };
		4219E1C61DB827CF00B3204A /* CountSpecification.swift in Sources */ = {isa = PBXBuildFile; fileRef = 4219E1BF1DB827CF00B3204A /* CountSpecification.swift */; };
		4219E1C71DB827CF00B3204A /* EmailSpecification.swift in Sources */ = {isa = PBXBuildFile; fileRef = 4219E1C01DB827CF00B3204A /* EmailSpecification.swift */; };
		4219E1C81DB827CF00B3204A /* Operator.swift in Sources */ = {isa = PBXBuildFile; fileRef = 4219E1C11DB827CF00B3204A /* Operator.swift */; };
		4219E1C91DB827CF00B3204A /* PredicateSpecification.swift in Sources */ = {isa = PBXBuildFile; fileRef = 4219E1C21DB827CF00B3204A /* PredicateSpecification.swift */; };
		4219E1CA1DB827CF00B3204A /* RegularExpressionSpecification.swift in Sources */ = {isa = PBXBuildFile; fileRef = 4219E1C31DB827CF00B3204A /* RegularExpressionSpecification.swift */; };
		4219E1CB1DB827CF00B3204A /* Specification.swift in Sources */ = {isa = PBXBuildFile; fileRef = 4219E1C41DB827CF00B3204A /* Specification.swift */; };
		4219E1D51DBE9EFB00B3204A /* JSONHelperTests.swift in Sources */ = {isa = PBXBuildFile; fileRef = 4219E1D41DBE9EFB00B3204A /* JSONHelperTests.swift */; };
		422437E01D71890500EC41E8 /* PickerViewFormItem.swift in Sources */ = {isa = PBXBuildFile; fileRef = 422437DF1D71890500EC41E8 /* PickerViewFormItem.swift */; };
		422437E21D71924400EC41E8 /* PickerViewCell.swift in Sources */ = {isa = PBXBuildFile; fileRef = 422437E11D71924400EC41E8 /* PickerViewCell.swift */; };
		4229CE0A1D43C450002C28A7 /* PrecisionSliderTests.swift in Sources */ = {isa = PBXBuildFile; fileRef = 4229CE081D43C386002C28A7 /* PrecisionSliderTests.swift */; };
		423E31411D6383FE0048D8C3 /* TableViewSectionArray.swift in Sources */ = {isa = PBXBuildFile; fileRef = 423E31401D6383FE0048D8C3 /* TableViewSectionArray.swift */; };
		423E31431D6384700048D8C3 /* TableViewSectionPart.swift in Sources */ = {isa = PBXBuildFile; fileRef = 423E31421D6384700048D8C3 /* TableViewSectionPart.swift */; };
		4245B3F51DA429B500BCB4C7 /* AdvancedTests.csv in Resources */ = {isa = PBXBuildFile; fileRef = 4245B3EB1DA429B500BCB4C7 /* AdvancedTests.csv */; };
		4245B3F61DA429B500BCB4C7 /* AdvancedTests.swift in Sources */ = {isa = PBXBuildFile; fileRef = 4245B3EC1DA429B500BCB4C7 /* AdvancedTests.swift */; };
		4245B3F71DA429B500BCB4C7 /* CharacterSetSpecificationTests.swift in Sources */ = {isa = PBXBuildFile; fileRef = 4245B3ED1DA429B500BCB4C7 /* CharacterSetSpecificationTests.swift */; };
		4245B3F81DA429B500BCB4C7 /* CountSpecificationTests.swift in Sources */ = {isa = PBXBuildFile; fileRef = 4245B3EE1DA429B500BCB4C7 /* CountSpecificationTests.swift */; };
		4245B3F91DA429B500BCB4C7 /* EmailSpecificationTests.swift in Sources */ = {isa = PBXBuildFile; fileRef = 4245B3EF1DA429B500BCB4C7 /* EmailSpecificationTests.swift */; };
		4245B3FA1DA429B500BCB4C7 /* OperatorTests.swift in Sources */ = {isa = PBXBuildFile; fileRef = 4245B3F01DA429B500BCB4C7 /* OperatorTests.swift */; };
		4245B3FB1DA429B500BCB4C7 /* PredicateSpecificationTests.swift in Sources */ = {isa = PBXBuildFile; fileRef = 4245B3F11DA429B500BCB4C7 /* PredicateSpecificationTests.swift */; };
		4245B3FC1DA429B500BCB4C7 /* RegularExpressionSpecificationTests.swift in Sources */ = {isa = PBXBuildFile; fileRef = 4245B3F21DA429B500BCB4C7 /* RegularExpressionSpecificationTests.swift */; };
		4245B3FD1DA429B500BCB4C7 /* SpecificationTests.swift in Sources */ = {isa = PBXBuildFile; fileRef = 4245B3F31DA429B500BCB4C7 /* SpecificationTests.swift */; };
		4245B3FE1DA429B500BCB4C7 /* TrueFalseTests.swift in Sources */ = {isa = PBXBuildFile; fileRef = 4245B3F41DA429B500BCB4C7 /* TrueFalseTests.swift */; };
		4259A2C41C23759B00DB4CEB /* AccessoryButtonDelegate.swift in Sources */ = {isa = PBXBuildFile; fileRef = 4259A2C31C23759B00DB4CEB /* AccessoryButtonDelegate.swift */; };
		425DED631D2823A600EDF891 /* SegmentedControlCell.swift in Sources */ = {isa = PBXBuildFile; fileRef = 425DED621D2823A600EDF891 /* SegmentedControlCell.swift */; };
		425DED651D28257000EDF891 /* SegmentedControlFormItem.swift in Sources */ = {isa = PBXBuildFile; fileRef = 425DED641D28257000EDF891 /* SegmentedControlFormItem.swift */; };
		4262DF971B34824E00DC2083 /* SwiftFORMImages.xcassets in Resources */ = {isa = PBXBuildFile; fileRef = 4262DF961B34824E00DC2083 /* SwiftFORMImages.xcassets */; };
		42685D4B1D34039B008ABC3D /* PrecisionSliderFormItem.swift in Sources */ = {isa = PBXBuildFile; fileRef = 42685D4A1D34039B008ABC3D /* PrecisionSliderFormItem.swift */; };
		42685D4D1D340733008ABC3D /* PrecisionSliderCell.swift in Sources */ = {isa = PBXBuildFile; fileRef = 42685D4C1D340733008ABC3D /* PrecisionSliderCell.swift */; };
		42685D4F1D340D99008ABC3D /* TableViewCellArray.swift in Sources */ = {isa = PBXBuildFile; fileRef = 42685D4E1D340D99008ABC3D /* TableViewCellArray.swift */; };
		4286832C1B346CFE0028DB2F /* SwiftyFORM.h in Headers */ = {isa = PBXBuildFile; fileRef = 428682F71B346CFE0028DB2F /* SwiftyFORM.h */; settings = {ATTRIBUTES = (Public, ); }; };
		4286832E1B346CFE0028DB2F /* ButtonCell.swift in Sources */ = {isa = PBXBuildFile; fileRef = 428682FA1B346CFE0028DB2F /* ButtonCell.swift */; };
		4286832F1B346CFE0028DB2F /* DatePickerCell.swift in Sources */ = {isa = PBXBuildFile; fileRef = 428682FB1B346CFE0028DB2F /* DatePickerCell.swift */; };
		428683301B346CFE0028DB2F /* SimpleToolbar.swift in Sources */ = {isa = PBXBuildFile; fileRef = 428682FC1B346CFE0028DB2F /* SimpleToolbar.swift */; };
		428683311B346CFE0028DB2F /* OptionCell.swift in Sources */ = {isa = PBXBuildFile; fileRef = 428682FD1B346CFE0028DB2F /* OptionCell.swift */; };
		428683321B346CFE0028DB2F /* OptionViewControllerCell.swift in Sources */ = {isa = PBXBuildFile; fileRef = 428682FE1B346CFE0028DB2F /* OptionViewControllerCell.swift */; };
		428683331B346CFE0028DB2F /* SliderCell.swift in Sources */ = {isa = PBXBuildFile; fileRef = 428682FF1B346CFE0028DB2F /* SliderCell.swift */; };
		428683341B346CFE0028DB2F /* StaticTextCell.swift in Sources */ = {isa = PBXBuildFile; fileRef = 428683001B346CFE0028DB2F /* StaticTextCell.swift */; };
		428683351B346CFE0028DB2F /* StepperCell.swift in Sources */ = {isa = PBXBuildFile; fileRef = 428683011B346CFE0028DB2F /* StepperCell.swift */; };
		428683361B346CFE0028DB2F /* SwitchCell.swift in Sources */ = {isa = PBXBuildFile; fileRef = 428683021B346CFE0028DB2F /* SwitchCell.swift */; };
		428683371B346CFE0028DB2F /* TextFieldCell.swift in Sources */ = {isa = PBXBuildFile; fileRef = 428683031B346CFE0028DB2F /* TextFieldCell.swift */; };
		428683381B346CFE0028DB2F /* TextViewCell.swift in Sources */ = {isa = PBXBuildFile; fileRef = 428683041B346CFE0028DB2F /* TextViewCell.swift */; };
		428683391B346CFE0028DB2F /* ViewControllerCell.swift in Sources */ = {isa = PBXBuildFile; fileRef = 428683051B346CFE0028DB2F /* ViewControllerCell.swift */; };
		4286833A1B346CFE0028DB2F /* Command.swift in Sources */ = {isa = PBXBuildFile; fileRef = 428683071B346CFE0028DB2F /* Command.swift */; };
		4286833B1B346CFE0028DB2F /* DumpVisitor.swift in Sources */ = {isa = PBXBuildFile; fileRef = 428683081B346CFE0028DB2F /* DumpVisitor.swift */; };
		4286833C1B346CFE0028DB2F /* CellHeightProvider.swift in Sources */ = {isa = PBXBuildFile; fileRef = 428683091B346CFE0028DB2F /* CellHeightProvider.swift */; };
		4286833D1B346CFE0028DB2F /* SelectRowDelegate.swift in Sources */ = {isa = PBXBuildFile; fileRef = 4286830A1B346CFE0028DB2F /* SelectRowDelegate.swift */; };
		4286833E1B346CFE0028DB2F /* OptionListViewController.swift in Sources */ = {isa = PBXBuildFile; fileRef = 4286830B1B346CFE0028DB2F /* OptionListViewController.swift */; };
		4286833F1B346CFE0028DB2F /* FormBuilder.swift in Sources */ = {isa = PBXBuildFile; fileRef = 4286830C1B346CFE0028DB2F /* FormBuilder.swift */; };
		428683401B346CFE0028DB2F /* FormViewController.swift in Sources */ = {isa = PBXBuildFile; fileRef = 4286830D1B346CFE0028DB2F /* FormViewController.swift */; };
		428683411B346CFE0028DB2F /* SelectOptionDelegate.swift in Sources */ = {isa = PBXBuildFile; fileRef = 4286830E1B346CFE0028DB2F /* SelectOptionDelegate.swift */; };
		428683421B346CFE0028DB2F /* FormTableView.swift in Sources */ = {isa = PBXBuildFile; fileRef = 4286830F1B346CFE0028DB2F /* FormTableView.swift */; };
		428683431B346CFE0028DB2F /* TableViewSection.swift in Sources */ = {isa = PBXBuildFile; fileRef = 428683101B346CFE0028DB2F /* TableViewSection.swift */; };
		428683441B346CFE0028DB2F /* Validator.swift in Sources */ = {isa = PBXBuildFile; fileRef = 428683111B346CFE0028DB2F /* Validator.swift */; };
		428683461B346CFE0028DB2F /* PopulateTableView.swift in Sources */ = {isa = PBXBuildFile; fileRef = 428683131B346CFE0028DB2F /* PopulateTableView.swift */; };
		428683471B346CFE0028DB2F /* ReloadPersistentValidationStateVisitor.swift in Sources */ = {isa = PBXBuildFile; fileRef = 428683141B346CFE0028DB2F /* ReloadPersistentValidationStateVisitor.swift */; };
		428683481B346CFE0028DB2F /* TitleWidth.swift in Sources */ = {isa = PBXBuildFile; fileRef = 428683151B346CFE0028DB2F /* TitleWidth.swift */; };
		428683491B346CFE0028DB2F /* ValidateResult.swift in Sources */ = {isa = PBXBuildFile; fileRef = 428683161B346CFE0028DB2F /* ValidateResult.swift */; };
		4286834A1B346CFE0028DB2F /* ValidateVisitor.swift in Sources */ = {isa = PBXBuildFile; fileRef = 428683171B346CFE0028DB2F /* ValidateVisitor.swift */; };
		428683531B346CFE0028DB2F /* DebugViewController.swift in Sources */ = {isa = PBXBuildFile; fileRef = 428683221B346CFE0028DB2F /* DebugViewController.swift */; };
		428683541B346CFE0028DB2F /* Dictionary+Update.swift in Sources */ = {isa = PBXBuildFile; fileRef = 428683231B346CFE0028DB2F /* Dictionary+Update.swift */; };
		428683551B346CFE0028DB2F /* KeyboardHandler.swift in Sources */ = {isa = PBXBuildFile; fileRef = 428683241B346CFE0028DB2F /* KeyboardHandler.swift */; };
		428683561B346CFE0028DB2F /* Logging.swift in Sources */ = {isa = PBXBuildFile; fileRef = 428683251B346CFE0028DB2F /* Logging.swift */; };
		428683581B346CFE0028DB2F /* UITableView+PrevNext.swift in Sources */ = {isa = PBXBuildFile; fileRef = 428683271B346CFE0028DB2F /* UITableView+PrevNext.swift */; };
		428683591B346CFE0028DB2F /* UIView+FirstResponder.swift in Sources */ = {isa = PBXBuildFile; fileRef = 428683281B346CFE0028DB2F /* UIView+FirstResponder.swift */; };
		4286835A1B346CFE0028DB2F /* UIView+LookupCell.swift in Sources */ = {isa = PBXBuildFile; fileRef = 428683291B346CFE0028DB2F /* UIView+LookupCell.swift */; };
		4286835B1B346CFE0028DB2F /* UIView+LookupTableView.swift in Sources */ = {isa = PBXBuildFile; fileRef = 4286832A1B346CFE0028DB2F /* UIView+LookupTableView.swift */; };
		4286835C1B346CFE0028DB2F /* UIViewController+Alert.swift in Sources */ = {isa = PBXBuildFile; fileRef = 4286832B1B346CFE0028DB2F /* UIViewController+Alert.swift */; };
		428683651B346D0C0028DB2F /* PrevNextTests.swift in Sources */ = {isa = PBXBuildFile; fileRef = 428683601B346D0C0028DB2F /* PrevNextTests.swift */; };
		428683661B346D0C0028DB2F /* ValidateResultTests.swift in Sources */ = {isa = PBXBuildFile; fileRef = 428683611B346D0C0028DB2F /* ValidateResultTests.swift */; };
		428683671B346D0C0028DB2F /* ValidatorTests.swift in Sources */ = {isa = PBXBuildFile; fileRef = 428683621B346D0C0028DB2F /* ValidatorTests.swift */; };
		42D0050E1B96241100986B3B /* CustomFormItem.swift in Sources */ = {isa = PBXBuildFile; fileRef = 42D0050D1B96241100986B3B /* CustomFormItem.swift */; };
		42D005101B96243000986B3B /* WillDisplayCellDelegate.swift in Sources */ = {isa = PBXBuildFile; fileRef = 42D0050F1B96243000986B3B /* WillDisplayCellDelegate.swift */; };
		42D005181B96348200986B3B /* Bundle+LoadView.swift in Sources */ = {isa = PBXBuildFile; fileRef = 42D005171B96348200986B3B /* Bundle+LoadView.swift */; };
		42D297551D49579E00561780 /* PrecisionSlider_InnerCollectionViewCells.swift in Sources */ = {isa = PBXBuildFile; fileRef = 42D297541D49579E00561780 /* PrecisionSlider_InnerCollectionViewCells.swift */; };
		42D297571D49611300561780 /* PrecisionSlider_InnerModel.swift in Sources */ = {isa = PBXBuildFile; fileRef = 42D297561D49611300561780 /* PrecisionSlider_InnerModel.swift */; };
		42D297591D4BAEFB00561780 /* PrecisionSlider_InnerZoomMode.swift in Sources */ = {isa = PBXBuildFile; fileRef = 42D297581D4BAEFB00561780 /* PrecisionSlider_InnerZoomMode.swift */; };
		42D5DE701A38167400D5C368 /* SwiftyFORM.framework in Frameworks */ = {isa = PBXBuildFile; fileRef = 42D5DE651A38167400D5C368 /* SwiftyFORM.framework */; };
		42F7521E1D6917CD0014C6ED /* CellDeselector.swift in Sources */ = {isa = PBXBuildFile; fileRef = 42F7521D1D6917CD0014C6ED /* CellDeselector.swift */; };
		42FABBC41D4143650066E45A /* PrecisionSlider.swift in Sources */ = {isa = PBXBuildFile; fileRef = 42FABBC31D4143650066E45A /* PrecisionSlider.swift */; };
		739649131D2B6B7400E12A96 /* AttributedTextCell.swift in Sources */ = {isa = PBXBuildFile; fileRef = 739649121D2B6B7400E12A96 /* AttributedTextCell.swift */; };
		739649151D2B6CC100E12A96 /* AttributedTextFormItem.swift in Sources */ = {isa = PBXBuildFile; fileRef = 739649141D2B6CC000E12A96 /* AttributedTextFormItem.swift */; };
/* End PBXBuildFile section */

/* Begin PBXContainerItemProxy section */
		42D5DE711A38167400D5C368 /* PBXContainerItemProxy */ = {
			isa = PBXContainerItemProxy;
			containerPortal = 4208F22D19F95C73003E834D /* Project object */;
			proxyType = 1;
			remoteGlobalIDString = 42D5DE641A38167400D5C368;
			remoteInfo = BoronFrame;
		};
/* End PBXContainerItemProxy section */

/* Begin PBXFileReference section */
		42096E711B358A7E0068B084 /* ShowInfo.swift */ = {isa = PBXFileReference; fileEncoding = 4; lastKnownFileType = sourcecode.swift; path = ShowInfo.swift; sourceTree = "<group>"; };
		42096E721B358A7E0068B084 /* SubmitButton.swift */ = {isa = PBXFileReference; fileEncoding = 4; lastKnownFileType = sourcecode.swift; path = SubmitButton.swift; sourceTree = "<group>"; };
		420F6CC61D69BBA5009D5F57 /* DontCollapseWhenScrolling.swift */ = {isa = PBXFileReference; fileEncoding = 4; lastKnownFileType = sourcecode.swift; path = DontCollapseWhenScrolling.swift; sourceTree = "<group>"; };
		420F6CC81D69C17F009D5F57 /* AssignAppearance.swift */ = {isa = PBXFileReference; fileEncoding = 4; lastKnownFileType = sourcecode.swift; path = AssignAppearance.swift; sourceTree = "<group>"; };
		420F6CCA1D69EBAC009D5F57 /* UITableView+ScrollToVisibleAfterExpand.swift */ = {isa = PBXFileReference; fileEncoding = 4; lastKnownFileType = sourcecode.swift; path = "UITableView+ScrollToVisibleAfterExpand.swift"; sourceTree = "<group>"; };
		420F6CCC1D6A1044009D5F57 /* ToggleExpandCollapse.swift */ = {isa = PBXFileReference; fileEncoding = 4; lastKnownFileType = sourcecode.swift; path = ToggleExpandCollapse.swift; sourceTree = "<group>"; };
		42108D0A1B34E9F60067FEAA /* ButtonFormItem.swift */ = {isa = PBXFileReference; fileEncoding = 4; lastKnownFileType = sourcecode.swift; path = ButtonFormItem.swift; sourceTree = "<group>"; };
		42108D0B1B34E9F60067FEAA /* DatePickerFormItem.swift */ = {isa = PBXFileReference; fileEncoding = 4; lastKnownFileType = sourcecode.swift; path = DatePickerFormItem.swift; sourceTree = "<group>"; };
		42108D0C1B34E9F60067FEAA /* FormItem.swift */ = {isa = PBXFileReference; fileEncoding = 4; lastKnownFileType = sourcecode.swift; path = FormItem.swift; sourceTree = "<group>"; };
		42108D0D1B34E9F60067FEAA /* MetaFormItem.swift */ = {isa = PBXFileReference; fileEncoding = 4; lastKnownFileType = sourcecode.swift; path = MetaFormItem.swift; sourceTree = "<group>"; };
		42108D0E1B34E9F60067FEAA /* OptionPickerFormItem.swift */ = {isa = PBXFileReference; fileEncoding = 4; lastKnownFileType = sourcecode.swift; path = OptionPickerFormItem.swift; sourceTree = "<group>"; };
		42108D0F1B34E9F60067FEAA /* SectionFormItem.swift */ = {isa = PBXFileReference; fileEncoding = 4; lastKnownFileType = sourcecode.swift; path = SectionFormItem.swift; sourceTree = "<group>"; };
		42108D101B34E9F60067FEAA /* SliderFormItem.swift */ = {isa = PBXFileReference; fileEncoding = 4; lastKnownFileType = sourcecode.swift; path = SliderFormItem.swift; sourceTree = "<group>"; };
		42108D111B34E9F60067FEAA /* StaticTextFormItem.swift */ = {isa = PBXFileReference; fileEncoding = 4; lastKnownFileType = sourcecode.swift; path = StaticTextFormItem.swift; sourceTree = "<group>"; };
		42108D121B34E9F60067FEAA /* StepperFormItem.swift */ = {isa = PBXFileReference; fileEncoding = 4; lastKnownFileType = sourcecode.swift; path = StepperFormItem.swift; sourceTree = "<group>"; };
		42108D131B34E9F60067FEAA /* SwitchFormItem.swift */ = {isa = PBXFileReference; fileEncoding = 4; lastKnownFileType = sourcecode.swift; path = SwitchFormItem.swift; sourceTree = "<group>"; };
		42108D141B34E9F60067FEAA /* TextFieldFormItem.swift */ = {isa = PBXFileReference; fileEncoding = 4; lastKnownFileType = sourcecode.swift; path = TextFieldFormItem.swift; sourceTree = "<group>"; };
		42108D151B34E9F60067FEAA /* TextViewFormItem.swift */ = {isa = PBXFileReference; fileEncoding = 4; lastKnownFileType = sourcecode.swift; path = TextViewFormItem.swift; sourceTree = "<group>"; };
		42108D161B34E9F60067FEAA /* ViewControllerFormItem.swift */ = {isa = PBXFileReference; fileEncoding = 4; lastKnownFileType = sourcecode.swift; path = ViewControllerFormItem.swift; sourceTree = "<group>"; };
		4212E0121D3A3ABE002287D0 /* CellForRowDelegate.swift */ = {isa = PBXFileReference; fileEncoding = 4; lastKnownFileType = sourcecode.swift; path = CellForRowDelegate.swift; sourceTree = "<group>"; };
		4219E1BE1DB827CF00B3204A /* CharacterSetSpecification.swift */ = {isa = PBXFileReference; fileEncoding = 4; lastKnownFileType = sourcecode.swift; path = CharacterSetSpecification.swift; sourceTree = "<group>"; };
		4219E1BF1DB827CF00B3204A /* CountSpecification.swift */ = {isa = PBXFileReference; fileEncoding = 4; lastKnownFileType = sourcecode.swift; path = CountSpecification.swift; sourceTree = "<group>"; };
		4219E1C01DB827CF00B3204A /* EmailSpecification.swift */ = {isa = PBXFileReference; fileEncoding = 4; lastKnownFileType = sourcecode.swift; path = EmailSpecification.swift; sourceTree = "<group>"; };
		4219E1C11DB827CF00B3204A /* Operator.swift */ = {isa = PBXFileReference; fileEncoding = 4; lastKnownFileType = sourcecode.swift; path = Operator.swift; sourceTree = "<group>"; };
		4219E1C21DB827CF00B3204A /* PredicateSpecification.swift */ = {isa = PBXFileReference; fileEncoding = 4; lastKnownFileType = sourcecode.swift; path = PredicateSpecification.swift; sourceTree = "<group>"; };
		4219E1C31DB827CF00B3204A /* RegularExpressionSpecification.swift */ = {isa = PBXFileReference; fileEncoding = 4; lastKnownFileType = sourcecode.swift; path = RegularExpressionSpecification.swift; sourceTree = "<group>"; };
		4219E1C41DB827CF00B3204A /* Specification.swift */ = {isa = PBXFileReference; fileEncoding = 4; lastKnownFileType = sourcecode.swift; path = Specification.swift; sourceTree = "<group>"; };
		4219E1D41DBE9EFB00B3204A /* JSONHelperTests.swift */ = {isa = PBXFileReference; fileEncoding = 4; lastKnownFileType = sourcecode.swift; path = JSONHelperTests.swift; sourceTree = "<group>"; };
		422437DF1D71890500EC41E8 /* PickerViewFormItem.swift */ = {isa = PBXFileReference; fileEncoding = 4; lastKnownFileType = sourcecode.swift; path = PickerViewFormItem.swift; sourceTree = "<group>"; };
		422437E11D71924400EC41E8 /* PickerViewCell.swift */ = {isa = PBXFileReference; fileEncoding = 4; lastKnownFileType = sourcecode.swift; path = PickerViewCell.swift; sourceTree = "<group>"; };
		4229CE081D43C386002C28A7 /* PrecisionSliderTests.swift */ = {isa = PBXFileReference; fileEncoding = 4; lastKnownFileType = sourcecode.swift; path = PrecisionSliderTests.swift; sourceTree = "<group>"; };
		423E31401D6383FE0048D8C3 /* TableViewSectionArray.swift */ = {isa = PBXFileReference; fileEncoding = 4; lastKnownFileType = sourcecode.swift; path = TableViewSectionArray.swift; sourceTree = "<group>"; };
		423E31421D6384700048D8C3 /* TableViewSectionPart.swift */ = {isa = PBXFileReference; fileEncoding = 4; lastKnownFileType = sourcecode.swift; path = TableViewSectionPart.swift; sourceTree = "<group>"; };
		4245B3EB1DA429B500BCB4C7 /* AdvancedTests.csv */ = {isa = PBXFileReference; fileEncoding = 4; lastKnownFileType = text; path = AdvancedTests.csv; sourceTree = "<group>"; };
		4245B3EC1DA429B500BCB4C7 /* AdvancedTests.swift */ = {isa = PBXFileReference; fileEncoding = 4; lastKnownFileType = sourcecode.swift; path = AdvancedTests.swift; sourceTree = "<group>"; };
		4245B3ED1DA429B500BCB4C7 /* CharacterSetSpecificationTests.swift */ = {isa = PBXFileReference; fileEncoding = 4; lastKnownFileType = sourcecode.swift; path = CharacterSetSpecificationTests.swift; sourceTree = "<group>"; };
		4245B3EE1DA429B500BCB4C7 /* CountSpecificationTests.swift */ = {isa = PBXFileReference; fileEncoding = 4; lastKnownFileType = sourcecode.swift; path = CountSpecificationTests.swift; sourceTree = "<group>"; };
		4245B3EF1DA429B500BCB4C7 /* EmailSpecificationTests.swift */ = {isa = PBXFileReference; fileEncoding = 4; lastKnownFileType = sourcecode.swift; path = EmailSpecificationTests.swift; sourceTree = "<group>"; };
		4245B3F01DA429B500BCB4C7 /* OperatorTests.swift */ = {isa = PBXFileReference; fileEncoding = 4; lastKnownFileType = sourcecode.swift; path = OperatorTests.swift; sourceTree = "<group>"; };
		4245B3F11DA429B500BCB4C7 /* PredicateSpecificationTests.swift */ = {isa = PBXFileReference; fileEncoding = 4; lastKnownFileType = sourcecode.swift; path = PredicateSpecificationTests.swift; sourceTree = "<group>"; };
		4245B3F21DA429B500BCB4C7 /* RegularExpressionSpecificationTests.swift */ = {isa = PBXFileReference; fileEncoding = 4; lastKnownFileType = sourcecode.swift; path = RegularExpressionSpecificationTests.swift; sourceTree = "<group>"; };
		4245B3F31DA429B500BCB4C7 /* SpecificationTests.swift */ = {isa = PBXFileReference; fileEncoding = 4; lastKnownFileType = sourcecode.swift; path = SpecificationTests.swift; sourceTree = "<group>"; };
		4245B3F41DA429B500BCB4C7 /* TrueFalseTests.swift */ = {isa = PBXFileReference; fileEncoding = 4; lastKnownFileType = sourcecode.swift; path = TrueFalseTests.swift; sourceTree = "<group>"; };
		4259A2C31C23759B00DB4CEB /* AccessoryButtonDelegate.swift */ = {isa = PBXFileReference; fileEncoding = 4; lastKnownFileType = sourcecode.swift; path = AccessoryButtonDelegate.swift; sourceTree = "<group>"; };
		425DED621D2823A600EDF891 /* SegmentedControlCell.swift */ = {isa = PBXFileReference; fileEncoding = 4; lastKnownFileType = sourcecode.swift; path = SegmentedControlCell.swift; sourceTree = "<group>"; };
		425DED641D28257000EDF891 /* SegmentedControlFormItem.swift */ = {isa = PBXFileReference; fileEncoding = 4; lastKnownFileType = sourcecode.swift; path = SegmentedControlFormItem.swift; sourceTree = "<group>"; };
		4262DF961B34824E00DC2083 /* SwiftFORMImages.xcassets */ = {isa = PBXFileReference; lastKnownFileType = folder.assetcatalog; path = SwiftFORMImages.xcassets; sourceTree = "<group>"; };
		42685D4A1D34039B008ABC3D /* PrecisionSliderFormItem.swift */ = {isa = PBXFileReference; fileEncoding = 4; lastKnownFileType = sourcecode.swift; path = PrecisionSliderFormItem.swift; sourceTree = "<group>"; };
		42685D4C1D340733008ABC3D /* PrecisionSliderCell.swift */ = {isa = PBXFileReference; fileEncoding = 4; lastKnownFileType = sourcecode.swift; path = PrecisionSliderCell.swift; sourceTree = "<group>"; };
		42685D4E1D340D99008ABC3D /* TableViewCellArray.swift */ = {isa = PBXFileReference; fileEncoding = 4; lastKnownFileType = sourcecode.swift; path = TableViewCellArray.swift; sourceTree = "<group>"; };
		428682F71B346CFE0028DB2F /* SwiftyFORM.h */ = {isa = PBXFileReference; fileEncoding = 4; lastKnownFileType = sourcecode.c.h; path = SwiftyFORM.h; sourceTree = "<group>"; };
		428682FA1B346CFE0028DB2F /* ButtonCell.swift */ = {isa = PBXFileReference; fileEncoding = 4; lastKnownFileType = sourcecode.swift; path = ButtonCell.swift; sourceTree = "<group>"; };
		428682FB1B346CFE0028DB2F /* DatePickerCell.swift */ = {isa = PBXFileReference; fileEncoding = 4; lastKnownFileType = sourcecode.swift; path = DatePickerCell.swift; sourceTree = "<group>"; };
		428682FC1B346CFE0028DB2F /* SimpleToolbar.swift */ = {isa = PBXFileReference; fileEncoding = 4; lastKnownFileType = sourcecode.swift; path = SimpleToolbar.swift; sourceTree = "<group>"; };
		428682FD1B346CFE0028DB2F /* OptionCell.swift */ = {isa = PBXFileReference; fileEncoding = 4; lastKnownFileType = sourcecode.swift; path = OptionCell.swift; sourceTree = "<group>"; };
		428682FE1B346CFE0028DB2F /* OptionViewControllerCell.swift */ = {isa = PBXFileReference; fileEncoding = 4; lastKnownFileType = sourcecode.swift; path = OptionViewControllerCell.swift; sourceTree = "<group>"; };
		428682FF1B346CFE0028DB2F /* SliderCell.swift */ = {isa = PBXFileReference; fileEncoding = 4; lastKnownFileType = sourcecode.swift; path = SliderCell.swift; sourceTree = "<group>"; };
		428683001B346CFE0028DB2F /* StaticTextCell.swift */ = {isa = PBXFileReference; fileEncoding = 4; lastKnownFileType = sourcecode.swift; path = StaticTextCell.swift; sourceTree = "<group>"; };
		428683011B346CFE0028DB2F /* StepperCell.swift */ = {isa = PBXFileReference; fileEncoding = 4; lastKnownFileType = sourcecode.swift; path = StepperCell.swift; sourceTree = "<group>"; };
		428683021B346CFE0028DB2F /* SwitchCell.swift */ = {isa = PBXFileReference; fileEncoding = 4; lastKnownFileType = sourcecode.swift; path = SwitchCell.swift; sourceTree = "<group>"; };
		428683031B346CFE0028DB2F /* TextFieldCell.swift */ = {isa = PBXFileReference; fileEncoding = 4; lastKnownFileType = sourcecode.swift; path = TextFieldCell.swift; sourceTree = "<group>"; };
		428683041B346CFE0028DB2F /* TextViewCell.swift */ = {isa = PBXFileReference; fileEncoding = 4; lastKnownFileType = sourcecode.swift; path = TextViewCell.swift; sourceTree = "<group>"; };
		428683051B346CFE0028DB2F /* ViewControllerCell.swift */ = {isa = PBXFileReference; fileEncoding = 4; lastKnownFileType = sourcecode.swift; path = ViewControllerCell.swift; sourceTree = "<group>"; };
		428683071B346CFE0028DB2F /* Command.swift */ = {isa = PBXFileReference; fileEncoding = 4; lastKnownFileType = sourcecode.swift; path = Command.swift; sourceTree = "<group>"; };
		428683081B346CFE0028DB2F /* DumpVisitor.swift */ = {isa = PBXFileReference; fileEncoding = 4; lastKnownFileType = sourcecode.swift; path = DumpVisitor.swift; sourceTree = "<group>"; };
		428683091B346CFE0028DB2F /* CellHeightProvider.swift */ = {isa = PBXFileReference; fileEncoding = 4; lastKnownFileType = sourcecode.swift; path = CellHeightProvider.swift; sourceTree = "<group>"; };
		4286830A1B346CFE0028DB2F /* SelectRowDelegate.swift */ = {isa = PBXFileReference; fileEncoding = 4; lastKnownFileType = sourcecode.swift; path = SelectRowDelegate.swift; sourceTree = "<group>"; };
		4286830B1B346CFE0028DB2F /* OptionListViewController.swift */ = {isa = PBXFileReference; fileEncoding = 4; lastKnownFileType = sourcecode.swift; path = OptionListViewController.swift; sourceTree = "<group>"; };
		4286830C1B346CFE0028DB2F /* FormBuilder.swift */ = {isa = PBXFileReference; fileEncoding = 4; lastKnownFileType = sourcecode.swift; path = FormBuilder.swift; sourceTree = "<group>"; };
		4286830D1B346CFE0028DB2F /* FormViewController.swift */ = {isa = PBXFileReference; fileEncoding = 4; lastKnownFileType = sourcecode.swift; path = FormViewController.swift; sourceTree = "<group>"; };
		4286830E1B346CFE0028DB2F /* SelectOptionDelegate.swift */ = {isa = PBXFileReference; fileEncoding = 4; lastKnownFileType = sourcecode.swift; path = SelectOptionDelegate.swift; sourceTree = "<group>"; };
		4286830F1B346CFE0028DB2F /* FormTableView.swift */ = {isa = PBXFileReference; fileEncoding = 4; lastKnownFileType = sourcecode.swift; path = FormTableView.swift; sourceTree = "<group>"; };
		428683101B346CFE0028DB2F /* TableViewSection.swift */ = {isa = PBXFileReference; fileEncoding = 4; lastKnownFileType = sourcecode.swift; path = TableViewSection.swift; sourceTree = "<group>"; };
		428683111B346CFE0028DB2F /* Validator.swift */ = {isa = PBXFileReference; fileEncoding = 4; lastKnownFileType = sourcecode.swift; path = Validator.swift; sourceTree = "<group>"; };
		428683131B346CFE0028DB2F /* PopulateTableView.swift */ = {isa = PBXFileReference; fileEncoding = 4; lastKnownFileType = sourcecode.swift; path = PopulateTableView.swift; sourceTree = "<group>"; };
		428683141B346CFE0028DB2F /* ReloadPersistentValidationStateVisitor.swift */ = {isa = PBXFileReference; fileEncoding = 4; lastKnownFileType = sourcecode.swift; path = ReloadPersistentValidationStateVisitor.swift; sourceTree = "<group>"; };
		428683151B346CFE0028DB2F /* TitleWidth.swift */ = {isa = PBXFileReference; fileEncoding = 4; lastKnownFileType = sourcecode.swift; path = TitleWidth.swift; sourceTree = "<group>"; };
		428683161B346CFE0028DB2F /* ValidateResult.swift */ = {isa = PBXFileReference; fileEncoding = 4; lastKnownFileType = sourcecode.swift; path = ValidateResult.swift; sourceTree = "<group>"; };
		428683171B346CFE0028DB2F /* ValidateVisitor.swift */ = {isa = PBXFileReference; fileEncoding = 4; lastKnownFileType = sourcecode.swift; path = ValidateVisitor.swift; sourceTree = "<group>"; };
		428683181B346CFE0028DB2F /* Info.plist */ = {isa = PBXFileReference; fileEncoding = 4; lastKnownFileType = text.plist.xml; path = Info.plist; sourceTree = "<group>"; };
		428683221B346CFE0028DB2F /* DebugViewController.swift */ = {isa = PBXFileReference; fileEncoding = 4; lastKnownFileType = sourcecode.swift; path = DebugViewController.swift; sourceTree = "<group>"; };
		428683231B346CFE0028DB2F /* Dictionary+Update.swift */ = {isa = PBXFileReference; fileEncoding = 4; lastKnownFileType = sourcecode.swift; path = "Dictionary+Update.swift"; sourceTree = "<group>"; };
		428683241B346CFE0028DB2F /* KeyboardHandler.swift */ = {isa = PBXFileReference; fileEncoding = 4; lastKnownFileType = sourcecode.swift; path = KeyboardHandler.swift; sourceTree = "<group>"; };
		428683251B346CFE0028DB2F /* Logging.swift */ = {isa = PBXFileReference; fileEncoding = 4; lastKnownFileType = sourcecode.swift; path = Logging.swift; sourceTree = "<group>"; };
		428683271B346CFE0028DB2F /* UITableView+PrevNext.swift */ = {isa = PBXFileReference; fileEncoding = 4; lastKnownFileType = sourcecode.swift; path = "UITableView+PrevNext.swift"; sourceTree = "<group>"; };
		428683281B346CFE0028DB2F /* UIView+FirstResponder.swift */ = {isa = PBXFileReference; fileEncoding = 4; lastKnownFileType = sourcecode.swift; path = "UIView+FirstResponder.swift"; sourceTree = "<group>"; };
		428683291B346CFE0028DB2F /* UIView+LookupCell.swift */ = {isa = PBXFileReference; fileEncoding = 4; lastKnownFileType = sourcecode.swift; path = "UIView+LookupCell.swift"; sourceTree = "<group>"; };
		4286832A1B346CFE0028DB2F /* UIView+LookupTableView.swift */ = {isa = PBXFileReference; fileEncoding = 4; lastKnownFileType = sourcecode.swift; path = "UIView+LookupTableView.swift"; sourceTree = "<group>"; };
		4286832B1B346CFE0028DB2F /* UIViewController+Alert.swift */ = {isa = PBXFileReference; fileEncoding = 4; lastKnownFileType = sourcecode.swift; path = "UIViewController+Alert.swift"; sourceTree = "<group>"; };
		4286835F1B346D0C0028DB2F /* Info.plist */ = {isa = PBXFileReference; fileEncoding = 4; lastKnownFileType = text.plist.xml; path = Info.plist; sourceTree = "<group>"; };
		428683601B346D0C0028DB2F /* PrevNextTests.swift */ = {isa = PBXFileReference; fileEncoding = 4; lastKnownFileType = sourcecode.swift; path = PrevNextTests.swift; sourceTree = "<group>"; };
		428683611B346D0C0028DB2F /* ValidateResultTests.swift */ = {isa = PBXFileReference; fileEncoding = 4; lastKnownFileType = sourcecode.swift; path = ValidateResultTests.swift; sourceTree = "<group>"; };
		428683621B346D0C0028DB2F /* ValidatorTests.swift */ = {isa = PBXFileReference; fileEncoding = 4; lastKnownFileType = sourcecode.swift; path = ValidatorTests.swift; sourceTree = "<group>"; };
		42D0050D1B96241100986B3B /* CustomFormItem.swift */ = {isa = PBXFileReference; fileEncoding = 4; lastKnownFileType = sourcecode.swift; path = CustomFormItem.swift; sourceTree = "<group>"; };
		42D0050F1B96243000986B3B /* WillDisplayCellDelegate.swift */ = {isa = PBXFileReference; fileEncoding = 4; lastKnownFileType = sourcecode.swift; path = WillDisplayCellDelegate.swift; sourceTree = "<group>"; };
		42D005171B96348200986B3B /* Bundle+LoadView.swift */ = {isa = PBXFileReference; fileEncoding = 4; lastKnownFileType = sourcecode.swift; path = "Bundle+LoadView.swift"; sourceTree = "<group>"; };
		42D297541D49579E00561780 /* PrecisionSlider_InnerCollectionViewCells.swift */ = {isa = PBXFileReference; fileEncoding = 4; lastKnownFileType = sourcecode.swift; path = PrecisionSlider_InnerCollectionViewCells.swift; sourceTree = "<group>"; };
		42D297561D49611300561780 /* PrecisionSlider_InnerModel.swift */ = {isa = PBXFileReference; fileEncoding = 4; lastKnownFileType = sourcecode.swift; path = PrecisionSlider_InnerModel.swift; sourceTree = "<group>"; };
		42D297581D4BAEFB00561780 /* PrecisionSlider_InnerZoomMode.swift */ = {isa = PBXFileReference; fileEncoding = 4; lastKnownFileType = sourcecode.swift; path = PrecisionSlider_InnerZoomMode.swift; sourceTree = "<group>"; };
		42D5DE651A38167400D5C368 /* SwiftyFORM.framework */ = {isa = PBXFileReference; explicitFileType = wrapper.framework; includeInIndex = 0; path = SwiftyFORM.framework; sourceTree = BUILT_PRODUCTS_DIR; };
		42D5DE6F1A38167400D5C368 /* SwiftyFORMTests.xctest */ = {isa = PBXFileReference; explicitFileType = wrapper.cfbundle; includeInIndex = 0; path = SwiftyFORMTests.xctest; sourceTree = BUILT_PRODUCTS_DIR; };
		42F7521D1D6917CD0014C6ED /* CellDeselector.swift */ = {isa = PBXFileReference; fileEncoding = 4; lastKnownFileType = sourcecode.swift; path = CellDeselector.swift; sourceTree = "<group>"; };
		42FABBC31D4143650066E45A /* PrecisionSlider.swift */ = {isa = PBXFileReference; fileEncoding = 4; lastKnownFileType = sourcecode.swift; path = PrecisionSlider.swift; sourceTree = "<group>"; };
		739649121D2B6B7400E12A96 /* AttributedTextCell.swift */ = {isa = PBXFileReference; fileEncoding = 4; lastKnownFileType = sourcecode.swift; path = AttributedTextCell.swift; sourceTree = "<group>"; };
		739649141D2B6CC000E12A96 /* AttributedTextFormItem.swift */ = {isa = PBXFileReference; fileEncoding = 4; lastKnownFileType = sourcecode.swift; path = AttributedTextFormItem.swift; sourceTree = "<group>"; };
/* End PBXFileReference section */

/* Begin PBXFrameworksBuildPhase section */
		42D5DE611A38167400D5C368 /* Frameworks */ = {
			isa = PBXFrameworksBuildPhase;
			buildActionMask = 2147483647;
			files = (
			);
			runOnlyForDeploymentPostprocessing = 0;
		};
		42D5DE6C1A38167400D5C368 /* Frameworks */ = {
			isa = PBXFrameworksBuildPhase;
			buildActionMask = 2147483647;
			files = (
				42D5DE701A38167400D5C368 /* SwiftyFORM.framework in Frameworks */,
			);
			runOnlyForDeploymentPostprocessing = 0;
		};
/* End PBXFrameworksBuildPhase section */

/* Begin PBXGroup section */
		4208F22C19F95C73003E834D = {
			isa = PBXGroup;
			children = (
				428682F61B346CFE0028DB2F /* Source */,
				4286835D1B346D0C0028DB2F /* Tests */,
				4208F23619F95C73003E834D /* Products */,
			);
			sourceTree = "<group>";
		};
		4208F23619F95C73003E834D /* Products */ = {
			isa = PBXGroup;
			children = (
				42D5DE651A38167400D5C368 /* SwiftyFORM.framework */,
				42D5DE6F1A38167400D5C368 /* SwiftyFORMTests.xctest */,
			);
			name = Products;
			sourceTree = "<group>";
		};
		42108D091B34E9F60067FEAA /* FormItems */ = {
			isa = PBXGroup;
			children = (
				739649141D2B6CC000E12A96 /* AttributedTextFormItem.swift */,
				42108D0A1B34E9F60067FEAA /* ButtonFormItem.swift */,
				42D0050D1B96241100986B3B /* CustomFormItem.swift */,
				42108D0B1B34E9F60067FEAA /* DatePickerFormItem.swift */,
				42108D0C1B34E9F60067FEAA /* FormItem.swift */,
				42108D0D1B34E9F60067FEAA /* MetaFormItem.swift */,
				42108D0E1B34E9F60067FEAA /* OptionPickerFormItem.swift */,
				422437DF1D71890500EC41E8 /* PickerViewFormItem.swift */,
				42685D4A1D34039B008ABC3D /* PrecisionSliderFormItem.swift */,
				42108D0F1B34E9F60067FEAA /* SectionFormItem.swift */,
				425DED641D28257000EDF891 /* SegmentedControlFormItem.swift */,
				42108D101B34E9F60067FEAA /* SliderFormItem.swift */,
				42108D111B34E9F60067FEAA /* StaticTextFormItem.swift */,
				42108D121B34E9F60067FEAA /* StepperFormItem.swift */,
				42108D131B34E9F60067FEAA /* SwitchFormItem.swift */,
				42108D141B34E9F60067FEAA /* TextFieldFormItem.swift */,
				42108D151B34E9F60067FEAA /* TextViewFormItem.swift */,
				42108D161B34E9F60067FEAA /* ViewControllerFormItem.swift */,
			);
			path = FormItems;
			sourceTree = "<group>";
		};
		4219E1BD1DB827CF00B3204A /* Specification */ = {
			isa = PBXGroup;
			children = (
				4219E1BE1DB827CF00B3204A /* CharacterSetSpecification.swift */,
				4219E1BF1DB827CF00B3204A /* CountSpecification.swift */,
				4219E1C01DB827CF00B3204A /* EmailSpecification.swift */,
				4219E1C11DB827CF00B3204A /* Operator.swift */,
				4219E1C21DB827CF00B3204A /* PredicateSpecification.swift */,
				4219E1C31DB827CF00B3204A /* RegularExpressionSpecification.swift */,
				4219E1C41DB827CF00B3204A /* Specification.swift */,
			);
			path = Specification;
			sourceTree = "<group>";
		};
		4245B3EA1DA429B500BCB4C7 /* Specification */ = {
			isa = PBXGroup;
			children = (
				4245B3EB1DA429B500BCB4C7 /* AdvancedTests.csv */,
				4245B3EC1DA429B500BCB4C7 /* AdvancedTests.swift */,
				4245B3ED1DA429B500BCB4C7 /* CharacterSetSpecificationTests.swift */,
				4245B3EE1DA429B500BCB4C7 /* CountSpecificationTests.swift */,
				4245B3EF1DA429B500BCB4C7 /* EmailSpecificationTests.swift */,
				4245B3F01DA429B500BCB4C7 /* OperatorTests.swift */,
				4245B3F11DA429B500BCB4C7 /* PredicateSpecificationTests.swift */,
				4245B3F21DA429B500BCB4C7 /* RegularExpressionSpecificationTests.swift */,
				4245B3F31DA429B500BCB4C7 /* SpecificationTests.swift */,
				4245B3F41DA429B500BCB4C7 /* TrueFalseTests.swift */,
			);
			path = Specification;
			sourceTree = "<group>";
		};
		428682F61B346CFE0028DB2F /* Source */ = {
			isa = PBXGroup;
			children = (
				428682F91B346CFE0028DB2F /* Cells */,
				428683061B346CFE0028DB2F /* Form */,
				42108D091B34E9F60067FEAA /* FormItems */,
				428683181B346CFE0028DB2F /* Info.plist */,
				42FABBC21D4143510066E45A /* PrecisionSlider */,
				4219E1BD1DB827CF00B3204A /* Specification */,
				4262DF961B34824E00DC2083 /* SwiftFORMImages.xcassets */,
				428682F71B346CFE0028DB2F /* SwiftyFORM.h */,
				428683211B346CFE0028DB2F /* Util */,
			);
			path = Source;
			sourceTree = "<group>";
		};
		428682F91B346CFE0028DB2F /* Cells */ = {
			isa = PBXGroup;
			children = (
				739649121D2B6B7400E12A96 /* AttributedTextCell.swift */,
				428682FA1B346CFE0028DB2F /* ButtonCell.swift */,
				428682FB1B346CFE0028DB2F /* DatePickerCell.swift */,
				428682FD1B346CFE0028DB2F /* OptionCell.swift */,
				428682FE1B346CFE0028DB2F /* OptionViewControllerCell.swift */,
				422437E11D71924400EC41E8 /* PickerViewCell.swift */,
				42685D4C1D340733008ABC3D /* PrecisionSliderCell.swift */,
				425DED621D2823A600EDF891 /* SegmentedControlCell.swift */,
				428682FC1B346CFE0028DB2F /* SimpleToolbar.swift */,
				428682FF1B346CFE0028DB2F /* SliderCell.swift */,
				428683001B346CFE0028DB2F /* StaticTextCell.swift */,
				428683011B346CFE0028DB2F /* StepperCell.swift */,
				428683021B346CFE0028DB2F /* SwitchCell.swift */,
				428683031B346CFE0028DB2F /* TextFieldCell.swift */,
				428683041B346CFE0028DB2F /* TextViewCell.swift */,
				428683051B346CFE0028DB2F /* ViewControllerCell.swift */,
			);
			path = Cells;
			sourceTree = "<group>";
		};
		428683061B346CFE0028DB2F /* Form */ = {
			isa = PBXGroup;
			children = (
				4259A2C31C23759B00DB4CEB /* AccessoryButtonDelegate.swift */,
				420F6CC81D69C17F009D5F57 /* AssignAppearance.swift */,
				42D005171B96348200986B3B /* Bundle+LoadView.swift */,
				42F7521D1D6917CD0014C6ED /* CellDeselector.swift */,
				4212E0121D3A3ABE002287D0 /* CellForRowDelegate.swift */,
				428683091B346CFE0028DB2F /* CellHeightProvider.swift */,
				428683071B346CFE0028DB2F /* Command.swift */,
				420F6CC61D69BBA5009D5F57 /* DontCollapseWhenScrolling.swift */,
				428683081B346CFE0028DB2F /* DumpVisitor.swift */,
				4286830C1B346CFE0028DB2F /* FormBuilder.swift */,
				4286830F1B346CFE0028DB2F /* FormTableView.swift */,
				4286830D1B346CFE0028DB2F /* FormViewController.swift */,
				4286830B1B346CFE0028DB2F /* OptionListViewController.swift */,
				428683131B346CFE0028DB2F /* PopulateTableView.swift */,
				428683141B346CFE0028DB2F /* ReloadPersistentValidationStateVisitor.swift */,
				4286830E1B346CFE0028DB2F /* SelectOptionDelegate.swift */,
				4286830A1B346CFE0028DB2F /* SelectRowDelegate.swift */,
				42685D4E1D340D99008ABC3D /* TableViewCellArray.swift */,
				428683101B346CFE0028DB2F /* TableViewSection.swift */,
				423E31401D6383FE0048D8C3 /* TableViewSectionArray.swift */,
				423E31421D6384700048D8C3 /* TableViewSectionPart.swift */,
				428683151B346CFE0028DB2F /* TitleWidth.swift */,
				420F6CCC1D6A1044009D5F57 /* ToggleExpandCollapse.swift */,
				428683161B346CFE0028DB2F /* ValidateResult.swift */,
				428683171B346CFE0028DB2F /* ValidateVisitor.swift */,
				428683111B346CFE0028DB2F /* Validator.swift */,
				42D0050F1B96243000986B3B /* WillDisplayCellDelegate.swift */,
			);
			path = Form;
			sourceTree = "<group>";
		};
		428683211B346CFE0028DB2F /* Util */ = {
			isa = PBXGroup;
			children = (
				428683221B346CFE0028DB2F /* DebugViewController.swift */,
				428683231B346CFE0028DB2F /* Dictionary+Update.swift */,
				428683241B346CFE0028DB2F /* KeyboardHandler.swift */,
				428683251B346CFE0028DB2F /* Logging.swift */,
				42096E711B358A7E0068B084 /* ShowInfo.swift */,
				42096E721B358A7E0068B084 /* SubmitButton.swift */,
				428683271B346CFE0028DB2F /* UITableView+PrevNext.swift */,
				420F6CCA1D69EBAC009D5F57 /* UITableView+ScrollToVisibleAfterExpand.swift */,
				428683281B346CFE0028DB2F /* UIView+FirstResponder.swift */,
				428683291B346CFE0028DB2F /* UIView+LookupCell.swift */,
				4286832A1B346CFE0028DB2F /* UIView+LookupTableView.swift */,
				4286832B1B346CFE0028DB2F /* UIViewController+Alert.swift */,
			);
			path = Util;
			sourceTree = "<group>";
		};
		4286835D1B346D0C0028DB2F /* Tests */ = {
			isa = PBXGroup;
			children = (
				4286835F1B346D0C0028DB2F /* Info.plist */,
				4219E1D41DBE9EFB00B3204A /* JSONHelperTests.swift */,
				4229CE081D43C386002C28A7 /* PrecisionSliderTests.swift */,
				428683601B346D0C0028DB2F /* PrevNextTests.swift */,
				4245B3EA1DA429B500BCB4C7 /* Specification */,
				428683611B346D0C0028DB2F /* ValidateResultTests.swift */,
				428683621B346D0C0028DB2F /* ValidatorTests.swift */,
			);
			path = Tests;
			sourceTree = "<group>";
		};
		42FABBC21D4143510066E45A /* PrecisionSlider */ = {
			isa = PBXGroup;
			children = (
				42D297541D49579E00561780 /* PrecisionSlider_InnerCollectionViewCells.swift */,
				42D297561D49611300561780 /* PrecisionSlider_InnerModel.swift */,
				42D297581D4BAEFB00561780 /* PrecisionSlider_InnerZoomMode.swift */,
				42FABBC31D4143650066E45A /* PrecisionSlider.swift */,
			);
			path = PrecisionSlider;
			sourceTree = "<group>";
		};
/* End PBXGroup section */

/* Begin PBXHeadersBuildPhase section */
		42D5DE621A38167400D5C368 /* Headers */ = {
			isa = PBXHeadersBuildPhase;
			buildActionMask = 2147483647;
			files = (
				4286832C1B346CFE0028DB2F /* SwiftyFORM.h in Headers */,
			);
			runOnlyForDeploymentPostprocessing = 0;
		};
/* End PBXHeadersBuildPhase section */

/* Begin PBXNativeTarget section */
		42D5DE641A38167400D5C368 /* SwiftyFORM */ = {
			isa = PBXNativeTarget;
			buildConfigurationList = 42D5DE7C1A38167400D5C368 /* Build configuration list for PBXNativeTarget "SwiftyFORM" */;
			buildPhases = (
				42D5DE601A38167400D5C368 /* Sources */,
				42D5DE611A38167400D5C368 /* Frameworks */,
				42D5DE621A38167400D5C368 /* Headers */,
				42D5DE631A38167400D5C368 /* Resources */,
			);
			buildRules = (
			);
			dependencies = (
			);
			name = SwiftyFORM;
			productName = BoronFrame;
			productReference = 42D5DE651A38167400D5C368 /* SwiftyFORM.framework */;
			productType = "com.apple.product-type.framework";
		};
		42D5DE6E1A38167400D5C368 /* SwiftyFORMTests */ = {
			isa = PBXNativeTarget;
			buildConfigurationList = 42D5DE7D1A38167400D5C368 /* Build configuration list for PBXNativeTarget "SwiftyFORMTests" */;
			buildPhases = (
				42D5DE6B1A38167400D5C368 /* Sources */,
				42D5DE6C1A38167400D5C368 /* Frameworks */,
				42D5DE6D1A38167400D5C368 /* Resources */,
			);
			buildRules = (
			);
			dependencies = (
				42D5DE721A38167400D5C368 /* PBXTargetDependency */,
			);
			name = SwiftyFORMTests;
			productName = BoronFrameTests;
			productReference = 42D5DE6F1A38167400D5C368 /* SwiftyFORMTests.xctest */;
			productType = "com.apple.product-type.bundle.unit-test";
		};
/* End PBXNativeTarget section */

/* Begin PBXProject section */
		4208F22D19F95C73003E834D /* Project object */ = {
			isa = PBXProject;
			attributes = {
				LastSwiftUpdateCheck = 0700;
				LastUpgradeCheck = 0920;
				ORGANIZATIONNAME = "Simon Strandgaard";
				TargetAttributes = {
					42D5DE641A38167400D5C368 = {
						CreatedOnToolsVersion = 6.1.1;
						LastSwiftMigration = 0920;
					};
					42D5DE6E1A38167400D5C368 = {
						CreatedOnToolsVersion = 6.1.1;
						DevelopmentTeam = 22DR89XVRF;
						LastSwiftMigration = 0920;
					};
				};
			};
			buildConfigurationList = 4208F23019F95C73003E834D /* Build configuration list for PBXProject "SwiftyFORM" */;
			compatibilityVersion = "Xcode 3.2";
			developmentRegion = English;
			hasScannedForEncodings = 0;
			knownRegions = (
				en,
				Base,
			);
			mainGroup = 4208F22C19F95C73003E834D;
			productRefGroup = 4208F23619F95C73003E834D /* Products */;
			projectDirPath = "";
			projectRoot = "";
			targets = (
				42D5DE641A38167400D5C368 /* SwiftyFORM */,
				42D5DE6E1A38167400D5C368 /* SwiftyFORMTests */,
			);
		};
/* End PBXProject section */

/* Begin PBXResourcesBuildPhase section */
		42D5DE631A38167400D5C368 /* Resources */ = {
			isa = PBXResourcesBuildPhase;
			buildActionMask = 2147483647;
			files = (
				4262DF971B34824E00DC2083 /* SwiftFORMImages.xcassets in Resources */,
			);
			runOnlyForDeploymentPostprocessing = 0;
		};
		42D5DE6D1A38167400D5C368 /* Resources */ = {
			isa = PBXResourcesBuildPhase;
			buildActionMask = 2147483647;
			files = (
				4245B3F51DA429B500BCB4C7 /* AdvancedTests.csv in Resources */,
			);
			runOnlyForDeploymentPostprocessing = 0;
		};
/* End PBXResourcesBuildPhase section */

/* Begin PBXSourcesBuildPhase section */
		42D5DE601A38167400D5C368 /* Sources */ = {
			isa = PBXSourcesBuildPhase;
			buildActionMask = 2147483647;
			files = (
				42D0050E1B96241100986B3B /* CustomFormItem.swift in Sources */,
				428683491B346CFE0028DB2F /* ValidateResult.swift in Sources */,
				42108D221B34E9F60067FEAA /* TextViewFormItem.swift in Sources */,
				4219E1CA1DB827CF00B3204A /* RegularExpressionSpecification.swift in Sources */,
				42D297571D49611300561780 /* PrecisionSlider_InnerModel.swift in Sources */,
				42FABBC41D4143650066E45A /* PrecisionSlider.swift in Sources */,
				42108D181B34E9F60067FEAA /* DatePickerFormItem.swift in Sources */,
				42685D4D1D340733008ABC3D /* PrecisionSliderCell.swift in Sources */,
				420F6CCB1D69EBAC009D5F57 /* UITableView+ScrollToVisibleAfterExpand.swift in Sources */,
				4286833B1B346CFE0028DB2F /* DumpVisitor.swift in Sources */,
				42108D201B34E9F60067FEAA /* SwitchFormItem.swift in Sources */,
				428683471B346CFE0028DB2F /* ReloadPersistentValidationStateVisitor.swift in Sources */,
				428683381B346CFE0028DB2F /* TextViewCell.swift in Sources */,
				4219E1C71DB827CF00B3204A /* EmailSpecification.swift in Sources */,
				4286833E1B346CFE0028DB2F /* OptionListViewController.swift in Sources */,
				42108D191B34E9F60067FEAA /* FormItem.swift in Sources */,
				42D005101B96243000986B3B /* WillDisplayCellDelegate.swift in Sources */,
				42108D211B34E9F60067FEAA /* TextFieldFormItem.swift in Sources */,
				428683341B346CFE0028DB2F /* StaticTextCell.swift in Sources */,
				423E31411D6383FE0048D8C3 /* TableViewSectionArray.swift in Sources */,
				428683531B346CFE0028DB2F /* DebugViewController.swift in Sources */,
				428683461B346CFE0028DB2F /* PopulateTableView.swift in Sources */,
				428683321B346CFE0028DB2F /* OptionViewControllerCell.swift in Sources */,
				42108D171B34E9F60067FEAA /* ButtonFormItem.swift in Sources */,
				739649151D2B6CC100E12A96 /* AttributedTextFormItem.swift in Sources */,
				4212E0131D3A3ABE002287D0 /* CellForRowDelegate.swift in Sources */,
				4219E1C61DB827CF00B3204A /* CountSpecification.swift in Sources */,
				428683581B346CFE0028DB2F /* UITableView+PrevNext.swift in Sources */,
				739649131D2B6B7400E12A96 /* AttributedTextCell.swift in Sources */,
				42108D1E1B34E9F60067FEAA /* StaticTextFormItem.swift in Sources */,
				4286835A1B346CFE0028DB2F /* UIView+LookupCell.swift in Sources */,
				42108D231B34E9F60067FEAA /* ViewControllerFormItem.swift in Sources */,
				428683361B346CFE0028DB2F /* SwitchCell.swift in Sources */,
				4286833A1B346CFE0028DB2F /* Command.swift in Sources */,
				428683311B346CFE0028DB2F /* OptionCell.swift in Sources */,
				420F6CC71D69BBA5009D5F57 /* DontCollapseWhenScrolling.swift in Sources */,
				425DED631D2823A600EDF891 /* SegmentedControlCell.swift in Sources */,
				4286834A1B346CFE0028DB2F /* ValidateVisitor.swift in Sources */,
				42D297551D49579E00561780 /* PrecisionSlider_InnerCollectionViewCells.swift in Sources */,
				4219E1CB1DB827CF00B3204A /* Specification.swift in Sources */,
				4219E1C51DB827CF00B3204A /* CharacterSetSpecification.swift in Sources */,
				42D005181B96348200986B3B /* Bundle+LoadView.swift in Sources */,
				420F6CC91D69C17F009D5F57 /* AssignAppearance.swift in Sources */,
				42108D1F1B34E9F60067FEAA /* StepperFormItem.swift in Sources */,
				428683401B346CFE0028DB2F /* FormViewController.swift in Sources */,
				42108D1B1B34E9F60067FEAA /* OptionPickerFormItem.swift in Sources */,
				428683431B346CFE0028DB2F /* TableViewSection.swift in Sources */,
				4219E1C91DB827CF00B3204A /* PredicateSpecification.swift in Sources */,
				428683591B346CFE0028DB2F /* UIView+FirstResponder.swift in Sources */,
				42108D1A1B34E9F60067FEAA /* MetaFormItem.swift in Sources */,
				4286832E1B346CFE0028DB2F /* ButtonCell.swift in Sources */,
				428683411B346CFE0028DB2F /* SelectOptionDelegate.swift in Sources */,
				428683421B346CFE0028DB2F /* FormTableView.swift in Sources */,
				4286835B1B346CFE0028DB2F /* UIView+LookupTableView.swift in Sources */,
				428683391B346CFE0028DB2F /* ViewControllerCell.swift in Sources */,
				4286832F1B346CFE0028DB2F /* DatePickerCell.swift in Sources */,
				428683481B346CFE0028DB2F /* TitleWidth.swift in Sources */,
				428683441B346CFE0028DB2F /* Validator.swift in Sources */,
				42685D4F1D340D99008ABC3D /* TableViewCellArray.swift in Sources */,
				42108D1C1B34E9F60067FEAA /* SectionFormItem.swift in Sources */,
				428683551B346CFE0028DB2F /* KeyboardHandler.swift in Sources */,
				4286833D1B346CFE0028DB2F /* SelectRowDelegate.swift in Sources */,
				428683541B346CFE0028DB2F /* Dictionary+Update.swift in Sources */,
				4286835C1B346CFE0028DB2F /* UIViewController+Alert.swift in Sources */,
				4219E1C81DB827CF00B3204A /* Operator.swift in Sources */,
				428683561B346CFE0028DB2F /* Logging.swift in Sources */,
				42096E741B358A7E0068B084 /* SubmitButton.swift in Sources */,
				42F7521E1D6917CD0014C6ED /* CellDeselector.swift in Sources */,
				428683331B346CFE0028DB2F /* SliderCell.swift in Sources */,
				422437E01D71890500EC41E8 /* PickerViewFormItem.swift in Sources */,
				422437E21D71924400EC41E8 /* PickerViewCell.swift in Sources */,
				428683301B346CFE0028DB2F /* SimpleToolbar.swift in Sources */,
				42096E731B358A7E0068B084 /* ShowInfo.swift in Sources */,
				42685D4B1D34039B008ABC3D /* PrecisionSliderFormItem.swift in Sources */,
				4286833C1B346CFE0028DB2F /* CellHeightProvider.swift in Sources */,
				42108D1D1B34E9F60067FEAA /* SliderFormItem.swift in Sources */,
				4259A2C41C23759B00DB4CEB /* AccessoryButtonDelegate.swift in Sources */,
				428683351B346CFE0028DB2F /* StepperCell.swift in Sources */,
				4286833F1B346CFE0028DB2F /* FormBuilder.swift in Sources */,
				428683371B346CFE0028DB2F /* TextFieldCell.swift in Sources */,
				420F6CCD1D6A1044009D5F57 /* ToggleExpandCollapse.swift in Sources */,
				423E31431D6384700048D8C3 /* TableViewSectionPart.swift in Sources */,
				42D297591D4BAEFB00561780 /* PrecisionSlider_InnerZoomMode.swift in Sources */,
				425DED651D28257000EDF891 /* SegmentedControlFormItem.swift in Sources */,
			);
			runOnlyForDeploymentPostprocessing = 0;
		};
		42D5DE6B1A38167400D5C368 /* Sources */ = {
			isa = PBXSourcesBuildPhase;
			buildActionMask = 2147483647;
			files = (
				428683671B346D0C0028DB2F /* ValidatorTests.swift in Sources */,
				4245B3F61DA429B500BCB4C7 /* AdvancedTests.swift in Sources */,
				4245B3F71DA429B500BCB4C7 /* CharacterSetSpecificationTests.swift in Sources */,
				4245B3FD1DA429B500BCB4C7 /* SpecificationTests.swift in Sources */,
				428683661B346D0C0028DB2F /* ValidateResultTests.swift in Sources */,
				4245B3F91DA429B500BCB4C7 /* EmailSpecificationTests.swift in Sources */,
				4245B3FE1DA429B500BCB4C7 /* TrueFalseTests.swift in Sources */,
				428683651B346D0C0028DB2F /* PrevNextTests.swift in Sources */,
				4229CE0A1D43C450002C28A7 /* PrecisionSliderTests.swift in Sources */,
				4245B3FC1DA429B500BCB4C7 /* RegularExpressionSpecificationTests.swift in Sources */,
				4245B3FA1DA429B500BCB4C7 /* OperatorTests.swift in Sources */,
				4245B3F81DA429B500BCB4C7 /* CountSpecificationTests.swift in Sources */,
				4245B3FB1DA429B500BCB4C7 /* PredicateSpecificationTests.swift in Sources */,
				4219E1D51DBE9EFB00B3204A /* JSONHelperTests.swift in Sources */,
			);
			runOnlyForDeploymentPostprocessing = 0;
		};
/* End PBXSourcesBuildPhase section */

/* Begin PBXTargetDependency section */
		42D5DE721A38167400D5C368 /* PBXTargetDependency */ = {
			isa = PBXTargetDependency;
			target = 42D5DE641A38167400D5C368 /* SwiftyFORM */;
			targetProxy = 42D5DE711A38167400D5C368 /* PBXContainerItemProxy */;
		};
/* End PBXTargetDependency section */

/* Begin XCBuildConfiguration section */
		4208F25419F95C73003E834D /* Debug */ = {
			isa = XCBuildConfiguration;
			buildSettings = {
				ALWAYS_SEARCH_USER_PATHS = NO;
				CLANG_CXX_LANGUAGE_STANDARD = "gnu++0x";
				CLANG_CXX_LIBRARY = "libc++";
				CLANG_ENABLE_MODULES = YES;
				CLANG_ENABLE_OBJC_ARC = YES;
				CLANG_WARN_BLOCK_CAPTURE_AUTORELEASING = YES;
				CLANG_WARN_BOOL_CONVERSION = YES;
				CLANG_WARN_COMMA = YES;
				CLANG_WARN_CONSTANT_CONVERSION = YES;
				CLANG_WARN_DIRECT_OBJC_ISA_USAGE = YES_ERROR;
				CLANG_WARN_EMPTY_BODY = YES;
				CLANG_WARN_ENUM_CONVERSION = YES;
				CLANG_WARN_INFINITE_RECURSION = YES;
				CLANG_WARN_INT_CONVERSION = YES;
				CLANG_WARN_NON_LITERAL_NULL_CONVERSION = YES;
				CLANG_WARN_OBJC_LITERAL_CONVERSION = YES;
				CLANG_WARN_OBJC_ROOT_CLASS = YES_ERROR;
				CLANG_WARN_RANGE_LOOP_ANALYSIS = YES;
				CLANG_WARN_STRICT_PROTOTYPES = YES;
				CLANG_WARN_SUSPICIOUS_MOVE = YES;
				CLANG_WARN_UNREACHABLE_CODE = YES;
				CLANG_WARN__DUPLICATE_METHOD_MATCH = YES;
				"CODE_SIGN_IDENTITY[sdk=iphoneos*]" = "iPhone Developer";
				COPY_PHASE_STRIP = NO;
				CURRENT_PROJECT_VERSION = 1;
				DEBUG_INFORMATION_FORMAT = dwarf;
				ENABLE_STRICT_OBJC_MSGSEND = YES;
				ENABLE_TESTABILITY = YES;
				GCC_C_LANGUAGE_STANDARD = gnu99;
				GCC_DYNAMIC_NO_PIC = NO;
				GCC_NO_COMMON_BLOCKS = YES;
				GCC_OPTIMIZATION_LEVEL = 0;
				GCC_PREPROCESSOR_DEFINITIONS = (
					"DEBUG=1",
					"$(inherited)",
				);
				GCC_SYMBOLS_PRIVATE_EXTERN = NO;
				GCC_WARN_64_TO_32_BIT_CONVERSION = YES;
				GCC_WARN_ABOUT_RETURN_TYPE = YES_ERROR;
				GCC_WARN_UNDECLARED_SELECTOR = YES;
				GCC_WARN_UNINITIALIZED_AUTOS = YES_AGGRESSIVE;
				GCC_WARN_UNUSED_FUNCTION = YES;
				GCC_WARN_UNUSED_VARIABLE = YES;
				IPHONEOS_DEPLOYMENT_TARGET = 9.0;
				MTL_ENABLE_DEBUG_INFO = YES;
				ONLY_ACTIVE_ARCH = YES;
				SDKROOT = iphoneos;
				SWIFT_OPTIMIZATION_LEVEL = "-Onone";
				VERSIONING_SYSTEM = "apple-generic";
			};
			name = Debug;
		};
		4208F25519F95C73003E834D /* Release */ = {
			isa = XCBuildConfiguration;
			buildSettings = {
				ALWAYS_SEARCH_USER_PATHS = NO;
				CLANG_CXX_LANGUAGE_STANDARD = "gnu++0x";
				CLANG_CXX_LIBRARY = "libc++";
				CLANG_ENABLE_MODULES = YES;
				CLANG_ENABLE_OBJC_ARC = YES;
				CLANG_WARN_BLOCK_CAPTURE_AUTORELEASING = YES;
				CLANG_WARN_BOOL_CONVERSION = YES;
				CLANG_WARN_COMMA = YES;
				CLANG_WARN_CONSTANT_CONVERSION = YES;
				CLANG_WARN_DIRECT_OBJC_ISA_USAGE = YES_ERROR;
				CLANG_WARN_EMPTY_BODY = YES;
				CLANG_WARN_ENUM_CONVERSION = YES;
				CLANG_WARN_INFINITE_RECURSION = YES;
				CLANG_WARN_INT_CONVERSION = YES;
				CLANG_WARN_NON_LITERAL_NULL_CONVERSION = YES;
				CLANG_WARN_OBJC_LITERAL_CONVERSION = YES;
				CLANG_WARN_OBJC_ROOT_CLASS = YES_ERROR;
				CLANG_WARN_RANGE_LOOP_ANALYSIS = YES;
				CLANG_WARN_STRICT_PROTOTYPES = YES;
				CLANG_WARN_SUSPICIOUS_MOVE = YES;
				CLANG_WARN_UNREACHABLE_CODE = YES;
				CLANG_WARN__DUPLICATE_METHOD_MATCH = YES;
				"CODE_SIGN_IDENTITY[sdk=iphoneos*]" = "iPhone Developer";
				COPY_PHASE_STRIP = YES;
				CURRENT_PROJECT_VERSION = 1;
				ENABLE_NS_ASSERTIONS = NO;
				ENABLE_STRICT_OBJC_MSGSEND = YES;
				GCC_C_LANGUAGE_STANDARD = gnu99;
				GCC_NO_COMMON_BLOCKS = YES;
				GCC_WARN_64_TO_32_BIT_CONVERSION = YES;
				GCC_WARN_ABOUT_RETURN_TYPE = YES_ERROR;
				GCC_WARN_UNDECLARED_SELECTOR = YES;
				GCC_WARN_UNINITIALIZED_AUTOS = YES_AGGRESSIVE;
				GCC_WARN_UNUSED_FUNCTION = YES;
				GCC_WARN_UNUSED_VARIABLE = YES;
				IPHONEOS_DEPLOYMENT_TARGET = 9.0;
				MTL_ENABLE_DEBUG_INFO = NO;
				SDKROOT = iphoneos;
				SWIFT_OPTIMIZATION_LEVEL = "-Owholemodule";
				VALIDATE_PRODUCT = YES;
				VERSIONING_SYSTEM = "apple-generic";
			};
			name = Release;
		};
		42D5DE781A38167400D5C368 /* Debug */ = {
			isa = XCBuildConfiguration;
			buildSettings = {
				"CODE_SIGN_IDENTITY[sdk=iphoneos*]" = "";
				CURRENT_PROJECT_VERSION = 1;
				DEFINES_MODULE = YES;
				DYLIB_COMPATIBILITY_VERSION = 1;
				DYLIB_CURRENT_VERSION = 1;
				DYLIB_INSTALL_NAME_BASE = "@rpath";
				INFOPLIST_FILE = Source/Info.plist;
				INSTALL_PATH = "$(LOCAL_LIBRARY_DIR)/Frameworks";
				LD_RUNPATH_SEARCH_PATHS = "$(inherited) @executable_path/Frameworks @loader_path/Frameworks";
				PRODUCT_BUNDLE_IDENTIFIER = neoneye.SwiftyFORM;
				PRODUCT_NAME = SwiftyFORM;
				SKIP_INSTALL = YES;
				SWIFT_VERSION = 4.0;
				TARGETED_DEVICE_FAMILY = "1,2";
				VERSIONING_SYSTEM = "apple-generic";
				VERSION_INFO_PREFIX = "";
			};
			name = Debug;
		};
		42D5DE791A38167400D5C368 /* Release */ = {
			isa = XCBuildConfiguration;
			buildSettings = {
				"CODE_SIGN_IDENTITY[sdk=iphoneos*]" = "";
				CURRENT_PROJECT_VERSION = 1;
				DEFINES_MODULE = YES;
				DYLIB_COMPATIBILITY_VERSION = 1;
				DYLIB_CURRENT_VERSION = 1;
				DYLIB_INSTALL_NAME_BASE = "@rpath";
				INFOPLIST_FILE = Source/Info.plist;
				INSTALL_PATH = "$(LOCAL_LIBRARY_DIR)/Frameworks";
				LD_RUNPATH_SEARCH_PATHS = "$(inherited) @executable_path/Frameworks @loader_path/Frameworks";
				PRODUCT_BUNDLE_IDENTIFIER = neoneye.SwiftyFORM;
				PRODUCT_NAME = SwiftyFORM;
				SKIP_INSTALL = YES;
				SWIFT_VERSION = 4.0;
				TARGETED_DEVICE_FAMILY = "1,2";
				VERSIONING_SYSTEM = "apple-generic";
				VERSION_INFO_PREFIX = "";
			};
			name = Release;
		};
		42D5DE7A1A38167400D5C368 /* Debug */ = {
			isa = XCBuildConfiguration;
			buildSettings = {
				DEVELOPMENT_TEAM = 22DR89XVRF;
				GCC_PREPROCESSOR_DEFINITIONS = (
					"DEBUG=1",
					"$(inherited)",
				);
				INFOPLIST_FILE = Tests/Info.plist;
				LD_RUNPATH_SEARCH_PATHS = "$(inherited) @executable_path/Frameworks @loader_path/Frameworks";
				PRODUCT_BUNDLE_IDENTIFIER = neoneye.swiftyFORMTests;
				PRODUCT_NAME = SwiftyFORMTests;
				SWIFT_VERSION = 4.0;
			};
			name = Debug;
		};
		42D5DE7B1A38167400D5C368 /* Release */ = {
			isa = XCBuildConfiguration;
			buildSettings = {
				DEVELOPMENT_TEAM = 22DR89XVRF;
				INFOPLIST_FILE = Tests/Info.plist;
				LD_RUNPATH_SEARCH_PATHS = "$(inherited) @executable_path/Frameworks @loader_path/Frameworks";
				PRODUCT_BUNDLE_IDENTIFIER = neoneye.swiftyFORMTests;
				PRODUCT_NAME = SwiftyFORMTests;
				SWIFT_VERSION = 4.0;
			};
			name = Release;
		};
/* End XCBuildConfiguration section */

/* Begin XCConfigurationList section */
		4208F23019F95C73003E834D /* Build configuration list for PBXProject "SwiftyFORM" */ = {
			isa = XCConfigurationList;
			buildConfigurations = (
				4208F25419F95C73003E834D /* Debug */,
				4208F25519F95C73003E834D /* Release */,
			);
			defaultConfigurationIsVisible = 0;
			defaultConfigurationName = Release;
		};
		42D5DE7C1A38167400D5C368 /* Build configuration list for PBXNativeTarget "SwiftyFORM" */ = {
			isa = XCConfigurationList;
			buildConfigurations = (
				42D5DE781A38167400D5C368 /* Debug */,
				42D5DE791A38167400D5C368 /* Release */,
			);
			defaultConfigurationIsVisible = 0;
			defaultConfigurationName = Release;
		};
		42D5DE7D1A38167400D5C368 /* Build configuration list for PBXNativeTarget "SwiftyFORMTests" */ = {
			isa = XCConfigurationList;
			buildConfigurations = (
				42D5DE7A1A38167400D5C368 /* Debug */,
				42D5DE7B1A38167400D5C368 /* Release */,
			);
			defaultConfigurationIsVisible = 0;
			defaultConfigurationName = Release;
		};
/* End XCConfigurationList section */
	};
	rootObject = 4208F22D19F95C73003E834D /* Project object */;
}
